// !$*UTF8*$!
{
	archiveVersion = 1;
	classes = {
	};
	objectVersion = 56;
	objects = {

/* Begin PBXBuildFile section */
		B5BA200929FFB08C006AAE6E /* AppDelegate.m in Sources */ = {isa = PBXBuildFile; fileRef = B5BA200829FFB08C006AAE6E /* AppDelegate.m */; };
		B5BA200C29FFB08C006AAE6E /* SceneDelegate.m in Sources */ = {isa = PBXBuildFile; fileRef = B5BA200B29FFB08C006AAE6E /* SceneDelegate.m */; };
		B5BA200F29FFB08C006AAE6E /* ViewController.m in Sources */ = {isa = PBXBuildFile; fileRef = B5BA200E29FFB08C006AAE6E /* ViewController.m */; };
		B5BA201229FFB08C006AAE6E /* Main.storyboard in Resources */ = {isa = PBXBuildFile; fileRef = B5BA201029FFB08C006AAE6E /* Main.storyboard */; };
		B5BA201429FFB08D006AAE6E /* Assets.xcassets in Resources */ = {isa = PBXBuildFile; fileRef = B5BA201329FFB08D006AAE6E /* Assets.xcassets */; };
		B5BA201729FFB08D006AAE6E /* LaunchScreen.storyboard in Resources */ = {isa = PBXBuildFile; fileRef = B5BA201529FFB08D006AAE6E /* LaunchScreen.storyboard */; };
		B5BA201A29FFB08D006AAE6E /* main.m in Sources */ = {isa = PBXBuildFile; fileRef = B5BA201929FFB08D006AAE6E /* main.m */; };
		B5BA202229FFB0C5006AAE6E /* Car.m in Sources */ = {isa = PBXBuildFile; fileRef = B5BA202129FFB0C5006AAE6E /* Car.m */; };
		B5BA202629FFB1D6006AAE6E /* CarDecorator.m in Sources */ = {isa = PBXBuildFile; fileRef = B5BA202529FFB1D6006AAE6E /* CarDecorator.m */; };
		B5BA202929FFB5D9006AAE6E /* AutoDriveDecorator.m in Sources */ = {isa = PBXBuildFile; fileRef = B5BA202829FFB5D9006AAE6E /* AutoDriveDecorator.m */; };
		B5BA202D29FFE506006AAE6E /* Animal.m in Sources */ = {isa = PBXBuildFile; fileRef = B5BA202C29FFE506006AAE6E /* Animal.m */; };
		B5BA203029FFE54B006AAE6E /* Dog.m in Sources */ = {isa = PBXBuildFile; fileRef = B5BA202F29FFE54B006AAE6E /* Dog.m */; };
		B5BA203829FFEE47006AAE6E /* Logger.m in Sources */ = {isa = PBXBuildFile; fileRef = B5BA203729FFEE47006AAE6E /* Logger.m */; };
		B5BA203B29FFEEA0006AAE6E /* MyClass.m in Sources */ = {isa = PBXBuildFile; fileRef = B5BA203A29FFEEA0006AAE6E /* MyClass.m */; };
		B5BA203F29FFF54D006AAE6E /* Database.m in Sources */ = {isa = PBXBuildFile; fileRef = B5BA203E29FFF54D006AAE6E /* Database.m */; };
		B5BA204329FFFC15006AAE6E /* UserService.m in Sources */ = {isa = PBXBuildFile; fileRef = B5BA204229FFFC15006AAE6E /* UserService.m */; };
/* End PBXBuildFile section */

/* Begin PBXFileReference section */
		B5BA200429FFB08C006AAE6E /* 7 Principle.app */ = {isa = PBXFileReference; explicitFileType = wrapper.application; includeInIndex = 0; path = "7 Principle.app"; sourceTree = BUILT_PRODUCTS_DIR; };
		B5BA200729FFB08C006AAE6E /* AppDelegate.h */ = {isa = PBXFileReference; lastKnownFileType = sourcecode.c.h; path = AppDelegate.h; sourceTree = "<group>"; };
		B5BA200829FFB08C006AAE6E /* AppDelegate.m */ = {isa = PBXFileReference; lastKnownFileType = sourcecode.c.objc; path = AppDelegate.m; sourceTree = "<group>"; };
		B5BA200A29FFB08C006AAE6E /* SceneDelegate.h */ = {isa = PBXFileReference; lastKnownFileType = sourcecode.c.h; path = SceneDelegate.h; sourceTree = "<group>"; };
		B5BA200B29FFB08C006AAE6E /* SceneDelegate.m */ = {isa = PBXFileReference; lastKnownFileType = sourcecode.c.objc; path = SceneDelegate.m; sourceTree = "<group>"; };
		B5BA200D29FFB08C006AAE6E /* ViewController.h */ = {isa = PBXFileReference; lastKnownFileType = sourcecode.c.h; path = ViewController.h; sourceTree = "<group>"; };
		B5BA200E29FFB08C006AAE6E /* ViewController.m */ = {isa = PBXFileReference; lastKnownFileType = sourcecode.c.objc; path = ViewController.m; sourceTree = "<group>"; };
		B5BA201129FFB08C006AAE6E /* Base */ = {isa = PBXFileReference; lastKnownFileType = file.storyboard; name = Base; path = Base.lproj/Main.storyboard; sourceTree = "<group>"; };
		B5BA201329FFB08D006AAE6E /* Assets.xcassets */ = {isa = PBXFileReference; lastKnownFileType = folder.assetcatalog; path = Assets.xcassets; sourceTree = "<group>"; };
		B5BA201629FFB08D006AAE6E /* Base */ = {isa = PBXFileReference; lastKnownFileType = file.storyboard; name = Base; path = Base.lproj/LaunchScreen.storyboard; sourceTree = "<group>"; };
		B5BA201829FFB08D006AAE6E /* Info.plist */ = {isa = PBXFileReference; lastKnownFileType = text.plist.xml; path = Info.plist; sourceTree = "<group>"; };
		B5BA201929FFB08D006AAE6E /* main.m */ = {isa = PBXFileReference; lastKnownFileType = sourcecode.c.objc; path = main.m; sourceTree = "<group>"; };
		B5BA202029FFB0C5006AAE6E /* Car.h */ = {isa = PBXFileReference; lastKnownFileType = sourcecode.c.h; path = Car.h; sourceTree = "<group>"; };
		B5BA202129FFB0C5006AAE6E /* Car.m */ = {isa = PBXFileReference; lastKnownFileType = sourcecode.c.objc; path = Car.m; sourceTree = "<group>"; };
		B5BA202429FFB1D6006AAE6E /* CarDecorator.h */ = {isa = PBXFileReference; lastKnownFileType = sourcecode.c.h; path = CarDecorator.h; sourceTree = "<group>"; };
		B5BA202529FFB1D6006AAE6E /* CarDecorator.m */ = {isa = PBXFileReference; lastKnownFileType = sourcecode.c.objc; path = CarDecorator.m; sourceTree = "<group>"; };
		B5BA202729FFB5D9006AAE6E /* AutoDriveDecorator.h */ = {isa = PBXFileReference; lastKnownFileType = sourcecode.c.h; path = AutoDriveDecorator.h; sourceTree = "<group>"; };
		B5BA202829FFB5D9006AAE6E /* AutoDriveDecorator.m */ = {isa = PBXFileReference; lastKnownFileType = sourcecode.c.objc; path = AutoDriveDecorator.m; sourceTree = "<group>"; };
		B5BA202B29FFE506006AAE6E /* Animal.h */ = {isa = PBXFileReference; lastKnownFileType = sourcecode.c.h; path = Animal.h; sourceTree = "<group>"; };
		B5BA202C29FFE506006AAE6E /* Animal.m */ = {isa = PBXFileReference; lastKnownFileType = sourcecode.c.objc; path = Animal.m; sourceTree = "<group>"; };
		B5BA202E29FFE54B006AAE6E /* Dog.h */ = {isa = PBXFileReference; lastKnownFileType = sourcecode.c.h; path = Dog.h; sourceTree = "<group>"; };
		B5BA202F29FFE54B006AAE6E /* Dog.m */ = {isa = PBXFileReference; lastKnownFileType = sourcecode.c.objc; path = Dog.m; sourceTree = "<group>"; };
		B5BA203529FFEDD1006AAE6E /* LoggerProtocol.h */ = {isa = PBXFileReference; lastKnownFileType = sourcecode.c.h; path = LoggerProtocol.h; sourceTree = "<group>"; };
		B5BA203629FFEE47006AAE6E /* Logger.h */ = {isa = PBXFileReference; lastKnownFileType = sourcecode.c.h; path = Logger.h; sourceTree = "<group>"; };
		B5BA203729FFEE47006AAE6E /* Logger.m */ = {isa = PBXFileReference; lastKnownFileType = sourcecode.c.objc; path = Logger.m; sourceTree = "<group>"; };
		B5BA203929FFEEA0006AAE6E /* MyClass.h */ = {isa = PBXFileReference; lastKnownFileType = sourcecode.c.h; path = MyClass.h; sourceTree = "<group>"; };
		B5BA203A29FFEEA0006AAE6E /* MyClass.m */ = {isa = PBXFileReference; lastKnownFileType = sourcecode.c.objc; path = MyClass.m; sourceTree = "<group>"; };
		B5BA203D29FFF54D006AAE6E /* Database.h */ = {isa = PBXFileReference; lastKnownFileType = sourcecode.c.h; path = Database.h; sourceTree = "<group>"; };
		B5BA203E29FFF54D006AAE6E /* Database.m */ = {isa = PBXFileReference; lastKnownFileType = sourcecode.c.objc; path = Database.m; sourceTree = "<group>"; };
		B5BA204029FFFB61006AAE6E /* DatabaseProtocol.h */ = {isa = PBXFileReference; lastKnownFileType = sourcecode.c.h; path = DatabaseProtocol.h; sourceTree = "<group>"; };
		B5BA204129FFFC15006AAE6E /* UserService.h */ = {isa = PBXFileReference; lastKnownFileType = sourcecode.c.h; path = UserService.h; sourceTree = "<group>"; };
		B5BA204229FFFC15006AAE6E /* UserService.m */ = {isa = PBXFileReference; lastKnownFileType = sourcecode.c.objc; path = UserService.m; sourceTree = "<group>"; };
/* End PBXFileReference section */

/* Begin PBXFrameworksBuildPhase section */
		B5BA200129FFB08C006AAE6E /* Frameworks */ = {
			isa = PBXFrameworksBuildPhase;
			buildActionMask = 2147483647;
			files = (
			);
			runOnlyForDeploymentPostprocessing = 0;
		};
/* End PBXFrameworksBuildPhase section */

/* Begin PBXGroup section */
		B5BA1FFB29FFB08C006AAE6E = {
			isa = PBXGroup;
			children = (
				B5BA200629FFB08C006AAE6E /* 7 Principle */,
				B5BA200529FFB08C006AAE6E /* Products */,
			);
			sourceTree = "<group>";
		};
		B5BA200529FFB08C006AAE6E /* Products */ = {
			isa = PBXGroup;
			children = (
				B5BA200429FFB08C006AAE6E /* 7 Principle.app */,
			);
			name = Products;
			sourceTree = "<group>";
		};
		B5BA200629FFB08C006AAE6E /* 7 Principle */ = {
			isa = PBXGroup;
			children = (
				B5BA200729FFB08C006AAE6E /* AppDelegate.h */,
				B5BA200829FFB08C006AAE6E /* AppDelegate.m */,
				B5BA200A29FFB08C006AAE6E /* SceneDelegate.h */,
				B5BA200B29FFB08C006AAE6E /* SceneDelegate.m */,
				B5BA200D29FFB08C006AAE6E /* ViewController.h */,
				B5BA200E29FFB08C006AAE6E /* ViewController.m */,
				B5BA202329FFB0CB006AAE6E /* Open_ClosedPrinciple */,
				B5BA202A29FFE4EB006AAE6E /* LSP */,
				B5BA203429FFEDAF006AAE6E /* Dependency Inversion Principle */,
				B5BA203C29FFF232006AAE6E /* Interface Segregation Principle */,
				B5BA201029FFB08C006AAE6E /* Main.storyboard */,
				B5BA201329FFB08D006AAE6E /* Assets.xcassets */,
				B5BA201529FFB08D006AAE6E /* LaunchScreen.storyboard */,
				B5BA201829FFB08D006AAE6E /* Info.plist */,
				B5BA201929FFB08D006AAE6E /* main.m */,
			);
			path = "7 Principle";
			sourceTree = "<group>";
		};
		B5BA202329FFB0CB006AAE6E /* Open_ClosedPrinciple */ = {
			isa = PBXGroup;
			children = (
				B5BA202029FFB0C5006AAE6E /* Car.h */,
				B5BA202129FFB0C5006AAE6E /* Car.m */,
				B5BA202429FFB1D6006AAE6E /* CarDecorator.h */,
				B5BA202529FFB1D6006AAE6E /* CarDecorator.m */,
				B5BA202729FFB5D9006AAE6E /* AutoDriveDecorator.h */,
				B5BA202829FFB5D9006AAE6E /* AutoDriveDecorator.m */,
			);
			path = Open_ClosedPrinciple;
			sourceTree = "<group>";
		};
		B5BA202A29FFE4EB006AAE6E /* LSP */ = {
			isa = PBXGroup;
			children = (
				B5BA202B29FFE506006AAE6E /* Animal.h */,
				B5BA202C29FFE506006AAE6E /* Animal.m */,
				B5BA202E29FFE54B006AAE6E /* Dog.h */,
				B5BA202F29FFE54B006AAE6E /* Dog.m */,
			);
			path = LSP;
			sourceTree = "<group>";
		};
		B5BA203429FFEDAF006AAE6E /* Dependency Inversion Principle */ = {
			isa = PBXGroup;
			children = (
				B5BA203529FFEDD1006AAE6E /* LoggerProtocol.h */,
				B5BA203629FFEE47006AAE6E /* Logger.h */,
				B5BA203729FFEE47006AAE6E /* Logger.m */,
				B5BA203929FFEEA0006AAE6E /* MyClass.h */,
				B5BA203A29FFEEA0006AAE6E /* MyClass.m */,
			);
			path = "Dependency Inversion Principle";
			sourceTree = "<group>";
		};
		B5BA203C29FFF232006AAE6E /* Interface Segregation Principle */ = {
			isa = PBXGroup;
			children = (
				B5BA204029FFFB61006AAE6E /* DatabaseProtocol.h */,
				B5BA203D29FFF54D006AAE6E /* Database.h */,
				B5BA203E29FFF54D006AAE6E /* Database.m */,
				B5BA204129FFFC15006AAE6E /* UserService.h */,
				B5BA204229FFFC15006AAE6E /* UserService.m */,
			);
			path = "Interface Segregation Principle";
			sourceTree = "<group>";
		};
/* End PBXGroup section */

/* Begin PBXNativeTarget section */
		B5BA200329FFB08C006AAE6E /* 7 Principle */ = {
			isa = PBXNativeTarget;
			buildConfigurationList = B5BA201D29FFB08D006AAE6E /* Build configuration list for PBXNativeTarget "7 Principle" */;
			buildPhases = (
				B5BA200029FFB08C006AAE6E /* Sources */,
				B5BA200129FFB08C006AAE6E /* Frameworks */,
				B5BA200229FFB08C006AAE6E /* Resources */,
			);
			buildRules = (
			);
			dependencies = (
			);
			name = "7 Principle";
			productName = "7 Principle";
			productReference = B5BA200429FFB08C006AAE6E /* 7 Principle.app */;
			productType = "com.apple.product-type.application";
		};
/* End PBXNativeTarget section */

/* Begin PBXProject section */
		B5BA1FFC29FFB08C006AAE6E /* Project object */ = {
			isa = PBXProject;
			attributes = {
				BuildIndependentTargetsInParallel = 1;
				LastUpgradeCheck = 1400;
				TargetAttributes = {
					B5BA200329FFB08C006AAE6E = {
						CreatedOnToolsVersion = 14.0.1;
					};
				};
			};
			buildConfigurationList = B5BA1FFF29FFB08C006AAE6E /* Build configuration list for PBXProject "7 Principle" */;
			compatibilityVersion = "Xcode 14.0";
			developmentRegion = en;
			hasScannedForEncodings = 0;
			knownRegions = (
				en,
				Base,
			);
			mainGroup = B5BA1FFB29FFB08C006AAE6E;
			productRefGroup = B5BA200529FFB08C006AAE6E /* Products */;
			projectDirPath = "";
			projectRoot = "";
			targets = (
				B5BA200329FFB08C006AAE6E /* 7 Principle */,
			);
		};
/* End PBXProject section */

/* Begin PBXResourcesBuildPhase section */
		B5BA200229FFB08C006AAE6E /* Resources */ = {
			isa = PBXResourcesBuildPhase;
			buildActionMask = 2147483647;
			files = (
				B5BA201729FFB08D006AAE6E /* LaunchScreen.storyboard in Resources */,
				B5BA201429FFB08D006AAE6E /* Assets.xcassets in Resources */,
				B5BA201229FFB08C006AAE6E /* Main.storyboard in Resources */,
			);
			runOnlyForDeploymentPostprocessing = 0;
		};
/* End PBXResourcesBuildPhase section */

/* Begin PBXSourcesBuildPhase section */
		B5BA200029FFB08C006AAE6E /* Sources */ = {
			isa = PBXSourcesBuildPhase;
			buildActionMask = 2147483647;
			files = (
				B5BA203029FFE54B006AAE6E /* Dog.m in Sources */,
				B5BA202229FFB0C5006AAE6E /* Car.m in Sources */,
				B5BA200F29FFB08C006AAE6E /* ViewController.m in Sources */,
				B5BA202929FFB5D9006AAE6E /* AutoDriveDecorator.m in Sources */,
				B5BA202629FFB1D6006AAE6E /* CarDecorator.m in Sources */,
				B5BA200929FFB08C006AAE6E /* AppDelegate.m in Sources */,
				B5BA204329FFFC15006AAE6E /* UserService.m in Sources */,
				B5BA202D29FFE506006AAE6E /* Animal.m in Sources */,
				B5BA203B29FFEEA0006AAE6E /* MyClass.m in Sources */,
				B5BA201A29FFB08D006AAE6E /* main.m in Sources */,
				B5BA200C29FFB08C006AAE6E /* SceneDelegate.m in Sources */,
				B5BA203F29FFF54D006AAE6E /* Database.m in Sources */,
				B5BA203829FFEE47006AAE6E /* Logger.m in Sources */,
			);
			runOnlyForDeploymentPostprocessing = 0;
		};
/* End PBXSourcesBuildPhase section */

/* Begin PBXVariantGroup section */
		B5BA201029FFB08C006AAE6E /* Main.storyboard */ = {
			isa = PBXVariantGroup;
			children = (
				B5BA201129FFB08C006AAE6E /* Base */,
			);
			name = Main.storyboard;
			sourceTree = "<group>";
		};
		B5BA201529FFB08D006AAE6E /* LaunchScreen.storyboard */ = {
			isa = PBXVariantGroup;
			children = (
				B5BA201629FFB08D006AAE6E /* Base */,
			);
			name = LaunchScreen.storyboard;
			sourceTree = "<group>";
		};
/* End PBXVariantGroup section */

/* Begin XCBuildConfiguration section */
		B5BA201B29FFB08D006AAE6E /* Debug */ = {
			isa = XCBuildConfiguration;
			buildSettings = {
				ALWAYS_SEARCH_USER_PATHS = NO;
				CLANG_ANALYZER_NONNULL = YES;
				CLANG_ANALYZER_NUMBER_OBJECT_CONVERSION = YES_AGGRESSIVE;
				CLANG_CXX_LANGUAGE_STANDARD = "gnu++20";
				CLANG_ENABLE_MODULES = YES;
				CLANG_ENABLE_OBJC_ARC = YES;
				CLANG_ENABLE_OBJC_WEAK = YES;
				CLANG_WARN_BLOCK_CAPTURE_AUTORELEASING = YES;
				CLANG_WARN_BOOL_CONVERSION = YES;
				CLANG_WARN_COMMA = YES;
				CLANG_WARN_CONSTANT_CONVERSION = YES;
				CLANG_WARN_DEPRECATED_OBJC_IMPLEMENTATIONS = YES;
				CLANG_WARN_DIRECT_OBJC_ISA_USAGE = YES_ERROR;
				CLANG_WARN_DOCUMENTATION_COMMENTS = YES;
				CLANG_WARN_EMPTY_BODY = YES;
				CLANG_WARN_ENUM_CONVERSION = YES;
				CLANG_WARN_INFINITE_RECURSION = YES;
				CLANG_WARN_INT_CONVERSION = YES;
				CLANG_WARN_NON_LITERAL_NULL_CONVERSION = YES;
				CLANG_WARN_OBJC_IMPLICIT_RETAIN_SELF = YES;
				CLANG_WARN_OBJC_LITERAL_CONVERSION = YES;
				CLANG_WARN_OBJC_ROOT_CLASS = YES_ERROR;
				CLANG_WARN_QUOTED_INCLUDE_IN_FRAMEWORK_HEADER = YES;
				CLANG_WARN_RANGE_LOOP_ANALYSIS = YES;
				CLANG_WARN_STRICT_PROTOTYPES = YES;
				CLANG_WARN_SUSPICIOUS_MOVE = YES;
				CLANG_WARN_UNGUARDED_AVAILABILITY = YES_AGGRESSIVE;
				CLANG_WARN_UNREACHABLE_CODE = YES;
				CLANG_WARN__DUPLICATE_METHOD_MATCH = YES;
				COPY_PHASE_STRIP = NO;
				DEBUG_INFORMATION_FORMAT = dwarf;
				ENABLE_STRICT_OBJC_MSGSEND = YES;
				ENABLE_TESTABILITY = YES;
				GCC_C_LANGUAGE_STANDARD = gnu11;
				GCC_DYNAMIC_NO_PIC = NO;
				GCC_NO_COMMON_BLOCKS = YES;
				GCC_OPTIMIZATION_LEVEL = 0;
				GCC_PREPROCESSOR_DEFINITIONS = (
					"DEBUG=1",
					"$(inherited)",
				);
				GCC_WARN_64_TO_32_BIT_CONVERSION = YES;
				GCC_WARN_ABOUT_RETURN_TYPE = YES_ERROR;
				GCC_WARN_UNDECLARED_SELECTOR = YES;
				GCC_WARN_UNINITIALIZED_AUTOS = YES_AGGRESSIVE;
				GCC_WARN_UNUSED_FUNCTION = YES;
				GCC_WARN_UNUSED_VARIABLE = YES;
				IPHONEOS_DEPLOYMENT_TARGET = 16.0;
				MTL_ENABLE_DEBUG_INFO = INCLUDE_SOURCE;
				MTL_FAST_MATH = YES;
				ONLY_ACTIVE_ARCH = YES;
				SDKROOT = iphoneos;
			};
			name = Debug;
		};
		B5BA201C29FFB08D006AAE6E /* Release */ = {
			isa = XCBuildConfiguration;
			buildSettings = {
				ALWAYS_SEARCH_USER_PATHS = NO;
				CLANG_ANALYZER_NONNULL = YES;
				CLANG_ANALYZER_NUMBER_OBJECT_CONVERSION = YES_AGGRESSIVE;
				CLANG_CXX_LANGUAGE_STANDARD = "gnu++20";
				CLANG_ENABLE_MODULES = YES;
				CLANG_ENABLE_OBJC_ARC = YES;
				CLANG_ENABLE_OBJC_WEAK = YES;
				CLANG_WARN_BLOCK_CAPTURE_AUTORELEASING = YES;
				CLANG_WARN_BOOL_CONVERSION = YES;
				CLANG_WARN_COMMA = YES;
				CLANG_WARN_CONSTANT_CONVERSION = YES;
				CLANG_WARN_DEPRECATED_OBJC_IMPLEMENTATIONS = YES;
				CLANG_WARN_DIRECT_OBJC_ISA_USAGE = YES_ERROR;
				CLANG_WARN_DOCUMENTATION_COMMENTS = YES;
				CLANG_WARN_EMPTY_BODY = YES;
				CLANG_WARN_ENUM_CONVERSION = YES;
				CLANG_WARN_INFINITE_RECURSION = YES;
				CLANG_WARN_INT_CONVERSION = YES;
				CLANG_WARN_NON_LITERAL_NULL_CONVERSION = YES;
				CLANG_WARN_OBJC_IMPLICIT_RETAIN_SELF = YES;
				CLANG_WARN_OBJC_LITERAL_CONVERSION = YES;
				CLANG_WARN_OBJC_ROOT_CLASS = YES_ERROR;
				CLANG_WARN_QUOTED_INCLUDE_IN_FRAMEWORK_HEADER = YES;
				CLANG_WARN_RANGE_LOOP_ANALYSIS = YES;
				CLANG_WARN_STRICT_PROTOTYPES = YES;
				CLANG_WARN_SUSPICIOUS_MOVE = YES;
				CLANG_WARN_UNGUARDED_AVAILABILITY = YES_AGGRESSIVE;
				CLANG_WARN_UNREACHABLE_CODE = YES;
				CLANG_WARN__DUPLICATE_METHOD_MATCH = YES;
				COPY_PHASE_STRIP = NO;
				DEBUG_INFORMATION_FORMAT = "dwarf-with-dsym";
				ENABLE_NS_ASSERTIONS = NO;
				ENABLE_STRICT_OBJC_MSGSEND = YES;
				GCC_C_LANGUAGE_STANDARD = gnu11;
				GCC_NO_COMMON_BLOCKS = YES;
				GCC_WARN_64_TO_32_BIT_CONVERSION = YES;
				GCC_WARN_ABOUT_RETURN_TYPE = YES_ERROR;
				GCC_WARN_UNDECLARED_SELECTOR = YES;
				GCC_WARN_UNINITIALIZED_AUTOS = YES_AGGRESSIVE;
				GCC_WARN_UNUSED_FUNCTION = YES;
				GCC_WARN_UNUSED_VARIABLE = YES;
				IPHONEOS_DEPLOYMENT_TARGET = 16.0;
				MTL_ENABLE_DEBUG_INFO = NO;
				MTL_FAST_MATH = YES;
				SDKROOT = iphoneos;
				VALIDATE_PRODUCT = YES;
			};
			name = Release;
		};
		B5BA201E29FFB08D006AAE6E /* Debug */ = {
			isa = XCBuildConfiguration;
			buildSettings = {
				ASSETCATALOG_COMPILER_APPICON_NAME = AppIcon;
				ASSETCATALOG_COMPILER_GLOBAL_ACCENT_COLOR_NAME = AccentColor;
				CODE_SIGN_STYLE = Automatic;
				CURRENT_PROJECT_VERSION = 1;
				DEVELOPMENT_TEAM = W8HHV5LXJN;
				GENERATE_INFOPLIST_FILE = YES;
				INFOPLIST_FILE = "7 Principle/Info.plist";
				INFOPLIST_KEY_UIApplicationSupportsIndirectInputEvents = YES;
				INFOPLIST_KEY_UILaunchStoryboardName = LaunchScreen;
				INFOPLIST_KEY_UIMainStoryboardFile = Main;
				INFOPLIST_KEY_UISupportedInterfaceOrientations_iPad = "UIInterfaceOrientationPortrait UIInterfaceOrientationPortraitUpsideDown UIInterfaceOrientationLandscapeLeft UIInterfaceOrientationLandscapeRight";
				INFOPLIST_KEY_UISupportedInterfaceOrientations_iPhone = "UIInterfaceOrientationPortrait UIInterfaceOrientationLandscapeLeft UIInterfaceOrientationLandscapeRight";
				LD_RUNPATH_SEARCH_PATHS = (
					"$(inherited)",
					"@executable_path/Frameworks",
				);
				MARKETING_VERSION = 1.0;
				PRODUCT_BUNDLE_IDENTIFIER = "sungkaikai.--Principle";
				PRODUCT_NAME = "$(TARGET_NAME)";
				SWIFT_EMIT_LOC_STRINGS = YES;
				TARGETED_DEVICE_FAMILY = "1,2";
			};
			name = Debug;
		};
		B5BA201F29FFB08D006AAE6E /* Release */ = {
			isa = XCBuildConfiguration;
			buildSettings = {
				ASSETCATALOG_COMPILER_APPICON_NAME = AppIcon;
				ASSETCATALOG_COMPILER_GLOBAL_ACCENT_COLOR_NAME = AccentColor;
				CODE_SIGN_STYLE = Automatic;
				CURRENT_PROJECT_VERSION = 1;
				DEVELOPMENT_TEAM = W8HHV5LXJN;
				GENERATE_INFOPLIST_FILE = YES;
				INFOPLIST_FILE = "7 Principle/Info.plist";
				INFOPLIST_KEY_UIApplicationSupportsIndirectInputEvents = YES;
				INFOPLIST_KEY_UILaunchStoryboardName = LaunchScreen;
				INFOPLIST_KEY_UIMainStoryboardFile = Main;
				INFOPLIST_KEY_UISupportedInterfaceOrientations_iPad = "UIInterfaceOrientationPortrait UIInterfaceOrientationPortraitUpsideDown UIInterfaceOrientationLandscapeLeft UIInterfaceOrientationLandscapeRight";
				INFOPLIST_KEY_UISupportedInterfaceOrientations_iPhone = "UIInterfaceOrientationPortrait UIInterfaceOrientationLandscapeLeft UIInterfaceOrientationLandscapeRight";
				LD_RUNPATH_SEARCH_PATHS = (
					"$(inherited)",
					"@executable_path/Frameworks",
				);
				MARKETING_VERSION = 1.0;
				PRODUCT_BUNDLE_IDENTIFIER = "sungkaikai.--Principle";
				PRODUCT_NAME = "$(TARGET_NAME)";
				SWIFT_EMIT_LOC_STRINGS = YES;
				TARGETED_DEVICE_FAMILY = "1,2";
			};
			name = Release;
		};
/* End XCBuildConfiguration section */

/* Begin XCConfigurationList section */
		B5BA1FFF29FFB08C006AAE6E /* Build configuration list for PBXProject "7 Principle" */ = {
			isa = XCConfigurationList;
			buildConfigurations = (
				B5BA201B29FFB08D006AAE6E /* Debug */,
				B5BA201C29FFB08D006AAE6E /* Release */,
			);
			defaultConfigurationIsVisible = 0;
			defaultConfigurationName = Release;
		};
		B5BA201D29FFB08D006AAE6E /* Build configuration list for PBXNativeTarget "7 Principle" */ = {
			isa = XCConfigurationList;
			buildConfigurations = (
				B5BA201E29FFB08D006AAE6E /* Debug */,
				B5BA201F29FFB08D006AAE6E /* Release */,
			);
			defaultConfigurationIsVisible = 0;
			defaultConfigurationName = Release;
		};
/* End XCConfigurationList section */
	};
	rootObject = B5BA1FFC29FFB08C006AAE6E /* Project object */;
}
