// !$*UTF8*$!
{
	archiveVersion = 1;
	classes = {
	};
	objectVersion = 56;
	objects = {

/* Begin PBXBuildFile section */
		B5BA207D2A03DEA4006AAE6E /* AppDelegate.m in Sources */ = {isa = PBXBuildFile; fileRef = B5BA207C2A03DEA4006AAE6E /* AppDelegate.m */; };
		B5BA20802A03DEA4006AAE6E /* SceneDelegate.m in Sources */ = {isa = PBXBuildFile; fileRef = B5BA207F2A03DEA4006AAE6E /* SceneDelegate.m */; };
		B5BA20832A03DEA4006AAE6E /* ViewController.m in Sources */ = {isa = PBXBuildFile; fileRef = B5BA20822A03DEA4006AAE6E /* ViewController.m */; };
		B5BA20862A03DEA4006AAE6E /* Main.storyboard in Resources */ = {isa = PBXBuildFile; fileRef = B5BA20842A03DEA4006AAE6E /* Main.storyboard */; };
		B5BA20882A03DEA6006AAE6E /* Assets.xcassets in Resources */ = {isa = PBXBuildFile; fileRef = B5BA20872A03DEA6006AAE6E /* Assets.xcassets */; };
		B5BA208B2A03DEA6006AAE6E /* LaunchScreen.storyboard in Resources */ = {isa = PBXBuildFile; fileRef = B5BA20892A03DEA6006AAE6E /* LaunchScreen.storyboard */; };
		B5BA208E2A03DEA6006AAE6E /* main.m in Sources */ = {isa = PBXBuildFile; fileRef = B5BA208D2A03DEA6006AAE6E /* main.m */; };
		B5BA20982A03E25E006AAE6E /* Animal.m in Sources */ = {isa = PBXBuildFile; fileRef = B5BA20972A03E25E006AAE6E /* Animal.m */; };
		B5BA209B2A03E279006AAE6E /* Dog.m in Sources */ = {isa = PBXBuildFile; fileRef = B5BA209A2A03E279006AAE6E /* Dog.m */; };
		B5BA209E2A03E292006AAE6E /* Cat.m in Sources */ = {isa = PBXBuildFile; fileRef = B5BA209D2A03E292006AAE6E /* Cat.m */; };
		B5BA20A12A03E2A2006AAE6E /* AnimalFactory.m in Sources */ = {isa = PBXBuildFile; fileRef = B5BA20A02A03E2A2006AAE6E /* AnimalFactory.m */; };
		B5BA20A52A03ECD2006AAE6E /* NetworkRequestFactory.m in Sources */ = {isa = PBXBuildFile; fileRef = B5BA20A42A03ECD2006AAE6E /* NetworkRequestFactory.m */; };
		B5BA20AA2A0785C4006AAE6E /* iOSFactory.m in Sources */ = {isa = PBXBuildFile; fileRef = B5BA20A92A0785C4006AAE6E /* iOSFactory.m */; };
		B5BA20AD2A078791006AAE6E /* AndroidFactory.m in Sources */ = {isa = PBXBuildFile; fileRef = B5BA20AC2A078791006AAE6E /* AndroidFactory.m */; };
		B5BA20B12A0792F9006AAE6E /* NetworkSingleton.m in Sources */ = {isa = PBXBuildFile; fileRef = B5BA20B02A0792F9006AAE6E /* NetworkSingleton.m */; };
		D15DF9136B22F04111C05750 /* Pods_Creational_Patterns.framework in Frameworks */ = {isa = PBXBuildFile; fileRef = 7E67DD0C3DD8E797D4E46422 /* Pods_Creational_Patterns.framework */; };
/* End PBXBuildFile section */

/* Begin PBXFileReference section */
		7E67DD0C3DD8E797D4E46422 /* Pods_Creational_Patterns.framework */ = {isa = PBXFileReference; explicitFileType = wrapper.framework; includeInIndex = 0; path = Pods_Creational_Patterns.framework; sourceTree = BUILT_PRODUCTS_DIR; };
		AEE6993770575B1C5CA126D6 /* Pods-Creational Patterns.debug.xcconfig */ = {isa = PBXFileReference; includeInIndex = 1; lastKnownFileType = text.xcconfig; name = "Pods-Creational Patterns.debug.xcconfig"; path = "Target Support Files/Pods-Creational Patterns/Pods-Creational Patterns.debug.xcconfig"; sourceTree = "<group>"; };
		B5BA20782A03DEA4006AAE6E /* Creational Patterns.app */ = {isa = PBXFileReference; explicitFileType = wrapper.application; includeInIndex = 0; path = "Creational Patterns.app"; sourceTree = BUILT_PRODUCTS_DIR; };
		B5BA207B2A03DEA4006AAE6E /* AppDelegate.h */ = {isa = PBXFileReference; lastKnownFileType = sourcecode.c.h; path = AppDelegate.h; sourceTree = "<group>"; };
		B5BA207C2A03DEA4006AAE6E /* AppDelegate.m */ = {isa = PBXFileReference; lastKnownFileType = sourcecode.c.objc; path = AppDelegate.m; sourceTree = "<group>"; };
		B5BA207E2A03DEA4006AAE6E /* SceneDelegate.h */ = {isa = PBXFileReference; lastKnownFileType = sourcecode.c.h; path = SceneDelegate.h; sourceTree = "<group>"; };
		B5BA207F2A03DEA4006AAE6E /* SceneDelegate.m */ = {isa = PBXFileReference; lastKnownFileType = sourcecode.c.objc; path = SceneDelegate.m; sourceTree = "<group>"; };
		B5BA20812A03DEA4006AAE6E /* ViewController.h */ = {isa = PBXFileReference; lastKnownFileType = sourcecode.c.h; path = ViewController.h; sourceTree = "<group>"; };
		B5BA20822A03DEA4006AAE6E /* ViewController.m */ = {isa = PBXFileReference; lastKnownFileType = sourcecode.c.objc; path = ViewController.m; sourceTree = "<group>"; };
		B5BA20852A03DEA4006AAE6E /* Base */ = {isa = PBXFileReference; lastKnownFileType = file.storyboard; name = Base; path = Base.lproj/Main.storyboard; sourceTree = "<group>"; };
		B5BA20872A03DEA6006AAE6E /* Assets.xcassets */ = {isa = PBXFileReference; lastKnownFileType = folder.assetcatalog; path = Assets.xcassets; sourceTree = "<group>"; };
		B5BA208A2A03DEA6006AAE6E /* Base */ = {isa = PBXFileReference; lastKnownFileType = file.storyboard; name = Base; path = Base.lproj/LaunchScreen.storyboard; sourceTree = "<group>"; };
		B5BA208C2A03DEA6006AAE6E /* Info.plist */ = {isa = PBXFileReference; lastKnownFileType = text.plist.xml; path = Info.plist; sourceTree = "<group>"; };
		B5BA208D2A03DEA6006AAE6E /* main.m */ = {isa = PBXFileReference; lastKnownFileType = sourcecode.c.objc; path = main.m; sourceTree = "<group>"; };
		B5BA20962A03E25E006AAE6E /* Animal.h */ = {isa = PBXFileReference; lastKnownFileType = sourcecode.c.h; path = Animal.h; sourceTree = "<group>"; };
		B5BA20972A03E25E006AAE6E /* Animal.m */ = {isa = PBXFileReference; lastKnownFileType = sourcecode.c.objc; path = Animal.m; sourceTree = "<group>"; };
		B5BA20992A03E279006AAE6E /* Dog.h */ = {isa = PBXFileReference; lastKnownFileType = sourcecode.c.h; path = Dog.h; sourceTree = "<group>"; };
		B5BA209A2A03E279006AAE6E /* Dog.m */ = {isa = PBXFileReference; lastKnownFileType = sourcecode.c.objc; path = Dog.m; sourceTree = "<group>"; };
		B5BA209C2A03E292006AAE6E /* Cat.h */ = {isa = PBXFileReference; lastKnownFileType = sourcecode.c.h; path = Cat.h; sourceTree = "<group>"; };
		B5BA209D2A03E292006AAE6E /* Cat.m */ = {isa = PBXFileReference; lastKnownFileType = sourcecode.c.objc; path = Cat.m; sourceTree = "<group>"; };
		B5BA209F2A03E2A2006AAE6E /* AnimalFactory.h */ = {isa = PBXFileReference; lastKnownFileType = sourcecode.c.h; path = AnimalFactory.h; sourceTree = "<group>"; };
		B5BA20A02A03E2A2006AAE6E /* AnimalFactory.m */ = {isa = PBXFileReference; lastKnownFileType = sourcecode.c.objc; path = AnimalFactory.m; sourceTree = "<group>"; };
		B5BA20A32A03ECD2006AAE6E /* NetworkRequestFactory.h */ = {isa = PBXFileReference; fileEncoding = 4; lastKnownFileType = sourcecode.c.h; path = NetworkRequestFactory.h; sourceTree = "<group>"; };
		B5BA20A42A03ECD2006AAE6E /* NetworkRequestFactory.m */ = {isa = PBXFileReference; fileEncoding = 4; lastKnownFileType = sourcecode.c.objc; path = NetworkRequestFactory.m; sourceTree = "<group>"; };
		B5BA20A72A078551006AAE6E /* AbstractFactoryProtocol.h */ = {isa = PBXFileReference; lastKnownFileType = sourcecode.c.h; path = AbstractFactoryProtocol.h; sourceTree = "<group>"; };
		B5BA20A82A0785C4006AAE6E /* iOSFactory.h */ = {isa = PBXFileReference; lastKnownFileType = sourcecode.c.h; path = iOSFactory.h; sourceTree = "<group>"; };
		B5BA20A92A0785C4006AAE6E /* iOSFactory.m */ = {isa = PBXFileReference; lastKnownFileType = sourcecode.c.objc; path = iOSFactory.m; sourceTree = "<group>"; };
		B5BA20AB2A078791006AAE6E /* AndroidFactory.h */ = {isa = PBXFileReference; lastKnownFileType = sourcecode.c.h; path = AndroidFactory.h; sourceTree = "<group>"; };
		B5BA20AC2A078791006AAE6E /* AndroidFactory.m */ = {isa = PBXFileReference; lastKnownFileType = sourcecode.c.objc; path = AndroidFactory.m; sourceTree = "<group>"; };
		B5BA20AF2A0792F9006AAE6E /* NetworkSingleton.h */ = {isa = PBXFileReference; lastKnownFileType = sourcecode.c.h; path = NetworkSingleton.h; sourceTree = "<group>"; };
		B5BA20B02A0792F9006AAE6E /* NetworkSingleton.m */ = {isa = PBXFileReference; lastKnownFileType = sourcecode.c.objc; path = NetworkSingleton.m; sourceTree = "<group>"; };
		B91CAE25F8DE1B8C757068EC /* Pods-Creational Patterns.release.xcconfig */ = {isa = PBXFileReference; includeInIndex = 1; lastKnownFileType = text.xcconfig; name = "Pods-Creational Patterns.release.xcconfig"; path = "Target Support Files/Pods-Creational Patterns/Pods-Creational Patterns.release.xcconfig"; sourceTree = "<group>"; };
/* End PBXFileReference section */

/* Begin PBXFrameworksBuildPhase section */
		B5BA20752A03DEA4006AAE6E /* Frameworks */ = {
			isa = PBXFrameworksBuildPhase;
			buildActionMask = 2147483647;
			files = (
				D15DF9136B22F04111C05750 /* Pods_Creational_Patterns.framework in Frameworks */,
			);
			runOnlyForDeploymentPostprocessing = 0;
		};
/* End PBXFrameworksBuildPhase section */

/* Begin PBXGroup section */
		A195B597F50A0C4CF256C5E6 /* Pods */ = {
			isa = PBXGroup;
			children = (
				AEE6993770575B1C5CA126D6 /* Pods-Creational Patterns.debug.xcconfig */,
				B91CAE25F8DE1B8C757068EC /* Pods-Creational Patterns.release.xcconfig */,
			);
			path = Pods;
			sourceTree = "<group>";
		};
		B5BA206F2A03DEA4006AAE6E = {
			isa = PBXGroup;
			children = (
				B5BA207A2A03DEA4006AAE6E /* Creational Patterns */,
				B5BA20792A03DEA4006AAE6E /* Products */,
				A195B597F50A0C4CF256C5E6 /* Pods */,
				F8F53352B88E8B4D45DA6E34 /* Frameworks */,
			);
			sourceTree = "<group>";
		};
		B5BA20792A03DEA4006AAE6E /* Products */ = {
			isa = PBXGroup;
			children = (
				B5BA20782A03DEA4006AAE6E /* Creational Patterns.app */,
			);
			name = Products;
			sourceTree = "<group>";
		};
		B5BA207A2A03DEA4006AAE6E /* Creational Patterns */ = {
			isa = PBXGroup;
			children = (
				B5BA207B2A03DEA4006AAE6E /* AppDelegate.h */,
				B5BA207C2A03DEA4006AAE6E /* AppDelegate.m */,
				B5BA207E2A03DEA4006AAE6E /* SceneDelegate.h */,
				B5BA207F2A03DEA4006AAE6E /* SceneDelegate.m */,
				B5BA20812A03DEA4006AAE6E /* ViewController.h */,
				B5BA20822A03DEA4006AAE6E /* ViewController.m */,
				B5BA20942A03DF2B006AAE6E /* Factory Method Pattern */,
				B5BA20A62A07852D006AAE6E /* Abstract Factory Pattern */,
				B5BA20AE2A079293006AAE6E /* Singleton Pattern */,
				B5BA20842A03DEA4006AAE6E /* Main.storyboard */,
				B5BA20872A03DEA6006AAE6E /* Assets.xcassets */,
				B5BA20892A03DEA6006AAE6E /* LaunchScreen.storyboard */,
				B5BA208C2A03DEA6006AAE6E /* Info.plist */,
				B5BA208D2A03DEA6006AAE6E /* main.m */,
			);
			path = "Creational Patterns";
			sourceTree = "<group>";
		};
		B5BA20942A03DF2B006AAE6E /* Factory Method Pattern */ = {
			isa = PBXGroup;
			children = (
				B5BA20952A03E251006AAE6E /* Animal */,
				B5BA20A22A03ECD2006AAE6E /* Network */,
			);
			path = "Factory Method Pattern";
			sourceTree = "<group>";
		};
		B5BA20952A03E251006AAE6E /* Animal */ = {
			isa = PBXGroup;
			children = (
				B5BA20962A03E25E006AAE6E /* Animal.h */,
				B5BA20972A03E25E006AAE6E /* Animal.m */,
				B5BA20992A03E279006AAE6E /* Dog.h */,
				B5BA209A2A03E279006AAE6E /* Dog.m */,
				B5BA209C2A03E292006AAE6E /* Cat.h */,
				B5BA209D2A03E292006AAE6E /* Cat.m */,
				B5BA209F2A03E2A2006AAE6E /* AnimalFactory.h */,
				B5BA20A02A03E2A2006AAE6E /* AnimalFactory.m */,
			);
			path = Animal;
			sourceTree = "<group>";
		};
		B5BA20A22A03ECD2006AAE6E /* Network */ = {
			isa = PBXGroup;
			children = (
				B5BA20A32A03ECD2006AAE6E /* NetworkRequestFactory.h */,
				B5BA20A42A03ECD2006AAE6E /* NetworkRequestFactory.m */,
			);
			path = Network;
			sourceTree = "<group>";
		};
		B5BA20A62A07852D006AAE6E /* Abstract Factory Pattern */ = {
			isa = PBXGroup;
			children = (
				B5BA20A72A078551006AAE6E /* AbstractFactoryProtocol.h */,
				B5BA20A82A0785C4006AAE6E /* iOSFactory.h */,
				B5BA20A92A0785C4006AAE6E /* iOSFactory.m */,
				B5BA20AB2A078791006AAE6E /* AndroidFactory.h */,
				B5BA20AC2A078791006AAE6E /* AndroidFactory.m */,
			);
			path = "Abstract Factory Pattern";
			sourceTree = "<group>";
		};
		B5BA20AE2A079293006AAE6E /* Singleton Pattern */ = {
			isa = PBXGroup;
			children = (
				B5BA20AF2A0792F9006AAE6E /* NetworkSingleton.h */,
				B5BA20B02A0792F9006AAE6E /* NetworkSingleton.m */,
			);
			path = "Singleton Pattern";
			sourceTree = "<group>";
		};
		F8F53352B88E8B4D45DA6E34 /* Frameworks */ = {
			isa = PBXGroup;
			children = (
				7E67DD0C3DD8E797D4E46422 /* Pods_Creational_Patterns.framework */,
			);
			name = Frameworks;
			sourceTree = "<group>";
		};
/* End PBXGroup section */

/* Begin PBXNativeTarget section */
		B5BA20772A03DEA4006AAE6E /* Creational Patterns */ = {
			isa = PBXNativeTarget;
			buildConfigurationList = B5BA20912A03DEA6006AAE6E /* Build configuration list for PBXNativeTarget "Creational Patterns" */;
			buildPhases = (
				020362CF0F99D9BF5D7D4C0C /* [CP] Check Pods Manifest.lock */,
				B5BA20742A03DEA4006AAE6E /* Sources */,
				B5BA20752A03DEA4006AAE6E /* Frameworks */,
				B5BA20762A03DEA4006AAE6E /* Resources */,
				1F0640D85A7C296E84002A74 /* [CP] Embed Pods Frameworks */,
			);
			buildRules = (
			);
			dependencies = (
			);
			name = "Creational Patterns";
			productName = "Creational Patterns";
			productReference = B5BA20782A03DEA4006AAE6E /* Creational Patterns.app */;
			productType = "com.apple.product-type.application";
		};
/* End PBXNativeTarget section */

/* Begin PBXProject section */
		B5BA20702A03DEA4006AAE6E /* Project object */ = {
			isa = PBXProject;
			attributes = {
				BuildIndependentTargetsInParallel = 1;
				LastUpgradeCheck = 1400;
				TargetAttributes = {
					B5BA20772A03DEA4006AAE6E = {
						CreatedOnToolsVersion = 14.0.1;
					};
				};
			};
			buildConfigurationList = B5BA20732A03DEA4006AAE6E /* Build configuration list for PBXProject "Creational Patterns" */;
			compatibilityVersion = "Xcode 14.0";
			developmentRegion = en;
			hasScannedForEncodings = 0;
			knownRegions = (
				en,
				Base,
			);
			mainGroup = B5BA206F2A03DEA4006AAE6E;
			productRefGroup = B5BA20792A03DEA4006AAE6E /* Products */;
			projectDirPath = "";
			projectRoot = "";
			targets = (
				B5BA20772A03DEA4006AAE6E /* Creational Patterns */,
			);
		};
/* End PBXProject section */

/* Begin PBXResourcesBuildPhase section */
		B5BA20762A03DEA4006AAE6E /* Resources */ = {
			isa = PBXResourcesBuildPhase;
			buildActionMask = 2147483647;
			files = (
				B5BA208B2A03DEA6006AAE6E /* LaunchScreen.storyboard in Resources */,
				B5BA20882A03DEA6006AAE6E /* Assets.xcassets in Resources */,
				B5BA20862A03DEA4006AAE6E /* Main.storyboard in Resources */,
			);
			runOnlyForDeploymentPostprocessing = 0;
		};
/* End PBXResourcesBuildPhase section */

/* Begin PBXShellScriptBuildPhase section */
		020362CF0F99D9BF5D7D4C0C /* [CP] Check Pods Manifest.lock */ = {
			isa = PBXShellScriptBuildPhase;
			buildActionMask = 2147483647;
			files = (
			);
			inputFileListPaths = (
			);
			inputPaths = (
				"${PODS_PODFILE_DIR_PATH}/Podfile.lock",
				"${PODS_ROOT}/Manifest.lock",
			);
			name = "[CP] Check Pods Manifest.lock";
			outputFileListPaths = (
			);
			outputPaths = (
				"$(DERIVED_FILE_DIR)/Pods-Creational Patterns-checkManifestLockResult.txt",
			);
			runOnlyForDeploymentPostprocessing = 0;
			shellPath = /bin/sh;
			shellScript = "diff \"${PODS_PODFILE_DIR_PATH}/Podfile.lock\" \"${PODS_ROOT}/Manifest.lock\" > /dev/null\nif [ $? != 0 ] ; then\n    # print error to STDERR\n    echo \"error: The sandbox is not in sync with the Podfile.lock. Run 'pod install' or update your CocoaPods installation.\" >&2\n    exit 1\nfi\n# This output is used by Xcode 'outputs' to avoid re-running this script phase.\necho \"SUCCESS\" > \"${SCRIPT_OUTPUT_FILE_0}\"\n";
			showEnvVarsInLog = 0;
		};
		1F0640D85A7C296E84002A74 /* [CP] Embed Pods Frameworks */ = {
			isa = PBXShellScriptBuildPhase;
			buildActionMask = 2147483647;
			files = (
			);
			inputFileListPaths = (
				"${PODS_ROOT}/Target Support Files/Pods-Creational Patterns/Pods-Creational Patterns-frameworks-${CONFIGURATION}-input-files.xcfilelist",
			);
			name = "[CP] Embed Pods Frameworks";
			outputFileListPaths = (
				"${PODS_ROOT}/Target Support Files/Pods-Creational Patterns/Pods-Creational Patterns-frameworks-${CONFIGURATION}-output-files.xcfilelist",
			);
			runOnlyForDeploymentPostprocessing = 0;
			shellPath = /bin/sh;
			shellScript = "\"${PODS_ROOT}/Target Support Files/Pods-Creational Patterns/Pods-Creational Patterns-frameworks.sh\"\n";
			showEnvVarsInLog = 0;
		};
/* End PBXShellScriptBuildPhase section */

/* Begin PBXSourcesBuildPhase section */
		B5BA20742A03DEA4006AAE6E /* Sources */ = {
			isa = PBXSourcesBuildPhase;
			buildActionMask = 2147483647;
			files = (
				B5BA209B2A03E279006AAE6E /* Dog.m in Sources */,
				B5BA20832A03DEA4006AAE6E /* ViewController.m in Sources */,
				B5BA20B12A0792F9006AAE6E /* NetworkSingleton.m in Sources */,
				B5BA20AD2A078791006AAE6E /* AndroidFactory.m in Sources */,
				B5BA20AA2A0785C4006AAE6E /* iOSFactory.m in Sources */,
				B5BA209E2A03E292006AAE6E /* Cat.m in Sources */,
				B5BA207D2A03DEA4006AAE6E /* AppDelegate.m in Sources */,
				B5BA20A12A03E2A2006AAE6E /* AnimalFactory.m in Sources */,
				B5BA20982A03E25E006AAE6E /* Animal.m in Sources */,
				B5BA208E2A03DEA6006AAE6E /* main.m in Sources */,
				B5BA20A52A03ECD2006AAE6E /* NetworkRequestFactory.m in Sources */,
				B5BA20802A03DEA4006AAE6E /* SceneDelegate.m in Sources */,
			);
			runOnlyForDeploymentPostprocessing = 0;
		};
/* End PBXSourcesBuildPhase section */

/* Begin PBXVariantGroup section */
		B5BA20842A03DEA4006AAE6E /* Main.storyboard */ = {
			isa = PBXVariantGroup;
			children = (
				B5BA20852A03DEA4006AAE6E /* Base */,
			);
			name = Main.storyboard;
			sourceTree = "<group>";
		};
		B5BA20892A03DEA6006AAE6E /* LaunchScreen.storyboard */ = {
			isa = PBXVariantGroup;
			children = (
				B5BA208A2A03DEA6006AAE6E /* Base */,
			);
			name = LaunchScreen.storyboard;
			sourceTree = "<group>";
		};
/* End PBXVariantGroup section */

/* Begin XCBuildConfiguration section */
		B5BA208F2A03DEA6006AAE6E /* Debug */ = {
			isa = XCBuildConfiguration;
			buildSettings = {
				ALWAYS_SEARCH_USER_PATHS = NO;
				CLANG_ANALYZER_NONNULL = YES;
				CLANG_ANALYZER_NUMBER_OBJECT_CONVERSION = YES_AGGRESSIVE;
				CLANG_CXX_LANGUAGE_STANDARD = "gnu++20";
				CLANG_ENABLE_MODULES = YES;
				CLANG_ENABLE_OBJC_ARC = YES;
				CLANG_ENABLE_OBJC_WEAK = YES;
				CLANG_WARN_BLOCK_CAPTURE_AUTORELEASING = YES;
				CLANG_WARN_BOOL_CONVERSION = YES;
				CLANG_WARN_COMMA = YES;
				CLANG_WARN_CONSTANT_CONVERSION = YES;
				CLANG_WARN_DEPRECATED_OBJC_IMPLEMENTATIONS = YES;
				CLANG_WARN_DIRECT_OBJC_ISA_USAGE = YES_ERROR;
				CLANG_WARN_DOCUMENTATION_COMMENTS = YES;
				CLANG_WARN_EMPTY_BODY = YES;
				CLANG_WARN_ENUM_CONVERSION = YES;
				CLANG_WARN_INFINITE_RECURSION = YES;
				CLANG_WARN_INT_CONVERSION = YES;
				CLANG_WARN_NON_LITERAL_NULL_CONVERSION = YES;
				CLANG_WARN_OBJC_IMPLICIT_RETAIN_SELF = YES;
				CLANG_WARN_OBJC_LITERAL_CONVERSION = YES;
				CLANG_WARN_OBJC_ROOT_CLASS = YES_ERROR;
				CLANG_WARN_QUOTED_INCLUDE_IN_FRAMEWORK_HEADER = YES;
				CLANG_WARN_RANGE_LOOP_ANALYSIS = YES;
				CLANG_WARN_STRICT_PROTOTYPES = YES;
				CLANG_WARN_SUSPICIOUS_MOVE = YES;
				CLANG_WARN_UNGUARDED_AVAILABILITY = YES_AGGRESSIVE;
				CLANG_WARN_UNREACHABLE_CODE = YES;
				CLANG_WARN__DUPLICATE_METHOD_MATCH = YES;
				COPY_PHASE_STRIP = NO;
				DEBUG_INFORMATION_FORMAT = dwarf;
				ENABLE_STRICT_OBJC_MSGSEND = YES;
				ENABLE_TESTABILITY = YES;
				GCC_C_LANGUAGE_STANDARD = gnu11;
				GCC_DYNAMIC_NO_PIC = NO;
				GCC_NO_COMMON_BLOCKS = YES;
				GCC_OPTIMIZATION_LEVEL = 0;
				GCC_PREPROCESSOR_DEFINITIONS = (
					"DEBUG=1",
					"$(inherited)",
				);
				GCC_WARN_64_TO_32_BIT_CONVERSION = YES;
				GCC_WARN_ABOUT_RETURN_TYPE = YES_ERROR;
				GCC_WARN_UNDECLARED_SELECTOR = YES;
				GCC_WARN_UNINITIALIZED_AUTOS = YES_AGGRESSIVE;
				GCC_WARN_UNUSED_FUNCTION = YES;
				GCC_WARN_UNUSED_VARIABLE = YES;
				IPHONEOS_DEPLOYMENT_TARGET = 16.0;
				MTL_ENABLE_DEBUG_INFO = INCLUDE_SOURCE;
				MTL_FAST_MATH = YES;
				ONLY_ACTIVE_ARCH = YES;
				SDKROOT = iphoneos;
			};
			name = Debug;
		};
		B5BA20902A03DEA6006AAE6E /* Release */ = {
			isa = XCBuildConfiguration;
			buildSettings = {
				ALWAYS_SEARCH_USER_PATHS = NO;
				CLANG_ANALYZER_NONNULL = YES;
				CLANG_ANALYZER_NUMBER_OBJECT_CONVERSION = YES_AGGRESSIVE;
				CLANG_CXX_LANGUAGE_STANDARD = "gnu++20";
				CLANG_ENABLE_MODULES = YES;
				CLANG_ENABLE_OBJC_ARC = YES;
				CLANG_ENABLE_OBJC_WEAK = YES;
				CLANG_WARN_BLOCK_CAPTURE_AUTORELEASING = YES;
				CLANG_WARN_BOOL_CONVERSION = YES;
				CLANG_WARN_COMMA = YES;
				CLANG_WARN_CONSTANT_CONVERSION = YES;
				CLANG_WARN_DEPRECATED_OBJC_IMPLEMENTATIONS = YES;
				CLANG_WARN_DIRECT_OBJC_ISA_USAGE = YES_ERROR;
				CLANG_WARN_DOCUMENTATION_COMMENTS = YES;
				CLANG_WARN_EMPTY_BODY = YES;
				CLANG_WARN_ENUM_CONVERSION = YES;
				CLANG_WARN_INFINITE_RECURSION = YES;
				CLANG_WARN_INT_CONVERSION = YES;
				CLANG_WARN_NON_LITERAL_NULL_CONVERSION = YES;
				CLANG_WARN_OBJC_IMPLICIT_RETAIN_SELF = YES;
				CLANG_WARN_OBJC_LITERAL_CONVERSION = YES;
				CLANG_WARN_OBJC_ROOT_CLASS = YES_ERROR;
				CLANG_WARN_QUOTED_INCLUDE_IN_FRAMEWORK_HEADER = YES;
				CLANG_WARN_RANGE_LOOP_ANALYSIS = YES;
				CLANG_WARN_STRICT_PROTOTYPES = YES;
				CLANG_WARN_SUSPICIOUS_MOVE = YES;
				CLANG_WARN_UNGUARDED_AVAILABILITY = YES_AGGRESSIVE;
				CLANG_WARN_UNREACHABLE_CODE = YES;
				CLANG_WARN__DUPLICATE_METHOD_MATCH = YES;
				COPY_PHASE_STRIP = NO;
				DEBUG_INFORMATION_FORMAT = "dwarf-with-dsym";
				ENABLE_NS_ASSERTIONS = NO;
				ENABLE_STRICT_OBJC_MSGSEND = YES;
				GCC_C_LANGUAGE_STANDARD = gnu11;
				GCC_NO_COMMON_BLOCKS = YES;
				GCC_WARN_64_TO_32_BIT_CONVERSION = YES;
				GCC_WARN_ABOUT_RETURN_TYPE = YES_ERROR;
				GCC_WARN_UNDECLARED_SELECTOR = YES;
				GCC_WARN_UNINITIALIZED_AUTOS = YES_AGGRESSIVE;
				GCC_WARN_UNUSED_FUNCTION = YES;
				GCC_WARN_UNUSED_VARIABLE = YES;
				IPHONEOS_DEPLOYMENT_TARGET = 16.0;
				MTL_ENABLE_DEBUG_INFO = NO;
				MTL_FAST_MATH = YES;
				SDKROOT = iphoneos;
				VALIDATE_PRODUCT = YES;
			};
			name = Release;
		};
		B5BA20922A03DEA6006AAE6E /* Debug */ = {
			isa = XCBuildConfiguration;
			baseConfigurationReference = AEE6993770575B1C5CA126D6 /* Pods-Creational Patterns.debug.xcconfig */;
			buildSettings = {
				ASSETCATALOG_COMPILER_APPICON_NAME = AppIcon;
				ASSETCATALOG_COMPILER_GLOBAL_ACCENT_COLOR_NAME = AccentColor;
				CODE_SIGN_STYLE = Automatic;
				CURRENT_PROJECT_VERSION = 1;
				DEVELOPMENT_TEAM = W8HHV5LXJN;
				GENERATE_INFOPLIST_FILE = YES;
				INFOPLIST_FILE = "Creational Patterns/Info.plist";
				INFOPLIST_KEY_UIApplicationSupportsIndirectInputEvents = YES;
				INFOPLIST_KEY_UILaunchStoryboardName = LaunchScreen;
				INFOPLIST_KEY_UIMainStoryboardFile = Main;
				INFOPLIST_KEY_UISupportedInterfaceOrientations_iPad = "UIInterfaceOrientationPortrait UIInterfaceOrientationPortraitUpsideDown UIInterfaceOrientationLandscapeLeft UIInterfaceOrientationLandscapeRight";
				INFOPLIST_KEY_UISupportedInterfaceOrientations_iPhone = "UIInterfaceOrientationPortrait UIInterfaceOrientationLandscapeLeft UIInterfaceOrientationLandscapeRight";
				LD_RUNPATH_SEARCH_PATHS = (
					"$(inherited)",
					"@executable_path/Frameworks",
				);
				MARKETING_VERSION = 1.0;
				PRODUCT_BUNDLE_IDENTIFIER = "sungkaikai.Creational-Patterns";
				PRODUCT_NAME = "$(TARGET_NAME)";
				SWIFT_EMIT_LOC_STRINGS = YES;
				TARGETED_DEVICE_FAMILY = "1,2";
			};
			name = Debug;
		};
		B5BA20932A03DEA6006AAE6E /* Release */ = {
			isa = XCBuildConfiguration;
			baseConfigurationReference = B91CAE25F8DE1B8C757068EC /* Pods-Creational Patterns.release.xcconfig */;
			buildSettings = {
				ASSETCATALOG_COMPILER_APPICON_NAME = AppIcon;
				ASSETCATALOG_COMPILER_GLOBAL_ACCENT_COLOR_NAME = AccentColor;
				CODE_SIGN_STYLE = Automatic;
				CURRENT_PROJECT_VERSION = 1;
				DEVELOPMENT_TEAM = W8HHV5LXJN;
				GENERATE_INFOPLIST_FILE = YES;
				INFOPLIST_FILE = "Creational Patterns/Info.plist";
				INFOPLIST_KEY_UIApplicationSupportsIndirectInputEvents = YES;
				INFOPLIST_KEY_UILaunchStoryboardName = LaunchScreen;
				INFOPLIST_KEY_UIMainStoryboardFile = Main;
				INFOPLIST_KEY_UISupportedInterfaceOrientations_iPad = "UIInterfaceOrientationPortrait UIInterfaceOrientationPortraitUpsideDown UIInterfaceOrientationLandscapeLeft UIInterfaceOrientationLandscapeRight";
				INFOPLIST_KEY_UISupportedInterfaceOrientations_iPhone = "UIInterfaceOrientationPortrait UIInterfaceOrientationLandscapeLeft UIInterfaceOrientationLandscapeRight";
				LD_RUNPATH_SEARCH_PATHS = (
					"$(inherited)",
					"@executable_path/Frameworks",
				);
				MARKETING_VERSION = 1.0;
				PRODUCT_BUNDLE_IDENTIFIER = "sungkaikai.Creational-Patterns";
				PRODUCT_NAME = "$(TARGET_NAME)";
				SWIFT_EMIT_LOC_STRINGS = YES;
				TARGETED_DEVICE_FAMILY = "1,2";
			};
			name = Release;
		};
/* End XCBuildConfiguration section */

/* Begin XCConfigurationList section */
		B5BA20732A03DEA4006AAE6E /* Build configuration list for PBXProject "Creational Patterns" */ = {
			isa = XCConfigurationList;
			buildConfigurations = (
				B5BA208F2A03DEA6006AAE6E /* Debug */,
				B5BA20902A03DEA6006AAE6E /* Release */,
			);
			defaultConfigurationIsVisible = 0;
			defaultConfigurationName = Release;
		};
		B5BA20912A03DEA6006AAE6E /* Build configuration list for PBXNativeTarget "Creational Patterns" */ = {
			isa = XCConfigurationList;
			buildConfigurations = (
				B5BA20922A03DEA6006AAE6E /* Debug */,
				B5BA20932A03DEA6006AAE6E /* Release */,
			);
			defaultConfigurationIsVisible = 0;
			defaultConfigurationName = Release;
		};
/* End XCConfigurationList section */
	};
	rootObject = B5BA20702A03DEA4006AAE6E /* Project object */;
}
