// !$*UTF8*$!
{
	archiveVersion = 1;
	classes = {
	};
	objectVersion = 56;
	objects = {

/* Begin PBXBuildFile section */
		B57422E52A51746F001247ED /* AppDelegate.m in Sources */ = {isa = PBXBuildFile; fileRef = B57422E42A51746F001247ED /* AppDelegate.m */; };
		B57422E82A51746F001247ED /* SceneDelegate.m in Sources */ = {isa = PBXBuildFile; fileRef = B57422E72A51746F001247ED /* SceneDelegate.m */; };
		B57422EB2A51746F001247ED /* ViewController.m in Sources */ = {isa = PBXBuildFile; fileRef = B57422EA2A51746F001247ED /* ViewController.m */; };
		B57422EE2A51746F001247ED /* Main.storyboard in Resources */ = {isa = PBXBuildFile; fileRef = B57422EC2A51746F001247ED /* Main.storyboard */; };
		B57422F02A517470001247ED /* Assets.xcassets in Resources */ = {isa = PBXBuildFile; fileRef = B57422EF2A517470001247ED /* Assets.xcassets */; };
		B57422F32A517470001247ED /* LaunchScreen.storyboard in Resources */ = {isa = PBXBuildFile; fileRef = B57422F12A517470001247ED /* LaunchScreen.storyboard */; };
		B57422F62A517470001247ED /* main.m in Sources */ = {isa = PBXBuildFile; fileRef = B57422F52A517470001247ED /* main.m */; };
		B57423002A5174CF001247ED /* Handler.m in Sources */ = {isa = PBXBuildFile; fileRef = B57422FF2A5174CF001247ED /* Handler.m */; };
		B57423032A517578001247ED /* ConcreteHandlerA.m in Sources */ = {isa = PBXBuildFile; fileRef = B57423022A517578001247ED /* ConcreteHandlerA.m */; };
		B57423062A5175C9001247ED /* ConcreteHandlerB.m in Sources */ = {isa = PBXBuildFile; fileRef = B57423052A5175C9001247ED /* ConcreteHandlerB.m */; };
		B57423092A5175E1001247ED /* ConcreteHandlerC.m in Sources */ = {isa = PBXBuildFile; fileRef = B57423082A5175E1001247ED /* ConcreteHandlerC.m */; };
		B574230D2A517AAC001247ED /* RequestHandler.m in Sources */ = {isa = PBXBuildFile; fileRef = B574230C2A517AAC001247ED /* RequestHandler.m */; };
		B57423102A517B06001247ED /* RequestValidityHandler.m in Sources */ = {isa = PBXBuildFile; fileRef = B574230F2A517B06001247ED /* RequestValidityHandler.m */; };
		B57423132A517B7D001247ED /* UserPermissionHandler.m in Sources */ = {isa = PBXBuildFile; fileRef = B57423122A517B7D001247ED /* UserPermissionHandler.m */; };
		B57423162A517BDF001247ED /* RequestProcessingHandler.m in Sources */ = {isa = PBXBuildFile; fileRef = B57423152A517BDF001247ED /* RequestProcessingHandler.m */; };
		B5D425022A51B4BC00F51E2F /* LoginViewController.m in Sources */ = {isa = PBXBuildFile; fileRef = B5D425012A51B4BC00F51E2F /* LoginViewController.m */; };
		B5D425052A51B59D00F51E2F /* ProfileViewController.m in Sources */ = {isa = PBXBuildFile; fileRef = B5D425042A51B59D00F51E2F /* ProfileViewController.m */; };
		B5D4250A2A52A7E600F51E2F /* AdditionStrategy.m in Sources */ = {isa = PBXBuildFile; fileRef = B5D425092A52A7E600F51E2F /* AdditionStrategy.m */; };
		B5D4250D2A52A83A00F51E2F /* SubtractionStrategy.m in Sources */ = {isa = PBXBuildFile; fileRef = B5D4250C2A52A83A00F51E2F /* SubtractionStrategy.m */; };
		B5D425102A52A87200F51E2F /* MultiplicationStrategy.m in Sources */ = {isa = PBXBuildFile; fileRef = B5D4250F2A52A87200F51E2F /* MultiplicationStrategy.m */; };
		B5D425132A52A8BF00F51E2F /* Calculator.m in Sources */ = {isa = PBXBuildFile; fileRef = B5D425122A52A8BF00F51E2F /* Calculator.m */; };
		B5D425172A52BA0B00F51E2F /* AbstractClass.m in Sources */ = {isa = PBXBuildFile; fileRef = B5D425162A52BA0B00F51E2F /* AbstractClass.m */; };
		B5D4251A2A52BA2E00F51E2F /* ConcreteClass1.m in Sources */ = {isa = PBXBuildFile; fileRef = B5D425192A52BA2E00F51E2F /* ConcreteClass1.m */; };
		B5D4251D2A52BA6400F51E2F /* ConcreteClass2.m in Sources */ = {isa = PBXBuildFile; fileRef = B5D4251C2A52BA6400F51E2F /* ConcreteClass2.m */; };
		B5D425222A53EBEA00F51E2F /* ConcreteCommand.m in Sources */ = {isa = PBXBuildFile; fileRef = B5D425212A53EBEA00F51E2F /* ConcreteCommand.m */; };
		B5D425252A53EC0E00F51E2F /* Receiver.m in Sources */ = {isa = PBXBuildFile; fileRef = B5D425242A53EC0E00F51E2F /* Receiver.m */; };
		B5D425282A53ECCF00F51E2F /* Invoker.m in Sources */ = {isa = PBXBuildFile; fileRef = B5D425272A53ECCF00F51E2F /* Invoker.m */; };
		B5D4252D2A53F44D00F51E2F /* AsyncTaskCommand.m in Sources */ = {isa = PBXBuildFile; fileRef = B5D4252C2A53F44D00F51E2F /* AsyncTaskCommand.m */; };
		B5D425302A53F5B900F51E2F /* AsyncTaskQueue.m in Sources */ = {isa = PBXBuildFile; fileRef = B5D4252F2A53F5B900F51E2F /* AsyncTaskQueue.m */; };
		B5D425352A54209D00F51E2F /* NumberExpression.m in Sources */ = {isa = PBXBuildFile; fileRef = B5D425342A54209D00F51E2F /* NumberExpression.m */; };
		B5D425382A542A7200F51E2F /* AdditionExpression.m in Sources */ = {isa = PBXBuildFile; fileRef = B5D425372A542A7200F51E2F /* AdditionExpression.m */; };
		B5D4253B2A542AD800F51E2F /* SubtractionExpression.m in Sources */ = {isa = PBXBuildFile; fileRef = B5D4253A2A542AD800F51E2F /* SubtractionExpression.m */; };
		B5D4253E2A542B1900F51E2F /* Context.m in Sources */ = {isa = PBXBuildFile; fileRef = B5D4253D2A542B1900F51E2F /* Context.m */; };
		B5D425452A54397B00F51E2F /* ConcreteIterator.m in Sources */ = {isa = PBXBuildFile; fileRef = B5D425442A54397B00F51E2F /* ConcreteIterator.m */; };
		B5D425482A543A8B00F51E2F /* ConcreteAggregate.m in Sources */ = {isa = PBXBuildFile; fileRef = B5D425472A543A8B00F51E2F /* ConcreteAggregate.m */; };
		B5D4254D2A54676F00F51E2F /* ConcreteMediator.m in Sources */ = {isa = PBXBuildFile; fileRef = B5D4254C2A54676E00F51E2F /* ConcreteMediator.m */; };
		B5D425502A5467B600F51E2F /* Colleague.m in Sources */ = {isa = PBXBuildFile; fileRef = B5D4254F2A5467B600F51E2F /* Colleague.m */; };
		B5D425532A54682500F51E2F /* Colleague1.m in Sources */ = {isa = PBXBuildFile; fileRef = B5D425522A54682500F51E2F /* Colleague1.m */; };
		B5D425562A54682A00F51E2F /* Colleague2.m in Sources */ = {isa = PBXBuildFile; fileRef = B5D425552A54682A00F51E2F /* Colleague2.m */; };
		B5D4255A2A54707B00F51E2F /* Memento.m in Sources */ = {isa = PBXBuildFile; fileRef = B5D425592A54707B00F51E2F /* Memento.m */; };
		B5D4255D2A54709C00F51E2F /* Originator.m in Sources */ = {isa = PBXBuildFile; fileRef = B5D4255C2A54709C00F51E2F /* Originator.m */; };
		B5D425602A54711A00F51E2F /* Caretaker.m in Sources */ = {isa = PBXBuildFile; fileRef = B5D4255F2A54711A00F51E2F /* Caretaker.m */; };
/* End PBXBuildFile section */

/* Begin PBXFileReference section */
		B57422E02A51746F001247ED /* Behavioral Patterns.app */ = {isa = PBXFileReference; explicitFileType = wrapper.application; includeInIndex = 0; path = "Behavioral Patterns.app"; sourceTree = BUILT_PRODUCTS_DIR; };
		B57422E32A51746F001247ED /* AppDelegate.h */ = {isa = PBXFileReference; lastKnownFileType = sourcecode.c.h; path = AppDelegate.h; sourceTree = "<group>"; };
		B57422E42A51746F001247ED /* AppDelegate.m */ = {isa = PBXFileReference; lastKnownFileType = sourcecode.c.objc; path = AppDelegate.m; sourceTree = "<group>"; };
		B57422E62A51746F001247ED /* SceneDelegate.h */ = {isa = PBXFileReference; lastKnownFileType = sourcecode.c.h; path = SceneDelegate.h; sourceTree = "<group>"; };
		B57422E72A51746F001247ED /* SceneDelegate.m */ = {isa = PBXFileReference; lastKnownFileType = sourcecode.c.objc; path = SceneDelegate.m; sourceTree = "<group>"; };
		B57422E92A51746F001247ED /* ViewController.h */ = {isa = PBXFileReference; lastKnownFileType = sourcecode.c.h; path = ViewController.h; sourceTree = "<group>"; };
		B57422EA2A51746F001247ED /* ViewController.m */ = {isa = PBXFileReference; lastKnownFileType = sourcecode.c.objc; path = ViewController.m; sourceTree = "<group>"; };
		B57422ED2A51746F001247ED /* Base */ = {isa = PBXFileReference; lastKnownFileType = file.storyboard; name = Base; path = Base.lproj/Main.storyboard; sourceTree = "<group>"; };
		B57422EF2A517470001247ED /* Assets.xcassets */ = {isa = PBXFileReference; lastKnownFileType = folder.assetcatalog; path = Assets.xcassets; sourceTree = "<group>"; };
		B57422F22A517470001247ED /* Base */ = {isa = PBXFileReference; lastKnownFileType = file.storyboard; name = Base; path = Base.lproj/LaunchScreen.storyboard; sourceTree = "<group>"; };
		B57422F42A517470001247ED /* Info.plist */ = {isa = PBXFileReference; lastKnownFileType = text.plist.xml; path = Info.plist; sourceTree = "<group>"; };
		B57422F52A517470001247ED /* main.m */ = {isa = PBXFileReference; lastKnownFileType = sourcecode.c.objc; path = main.m; sourceTree = "<group>"; };
		B57422FE2A5174CF001247ED /* Handler.h */ = {isa = PBXFileReference; lastKnownFileType = sourcecode.c.h; path = Handler.h; sourceTree = "<group>"; };
		B57422FF2A5174CF001247ED /* Handler.m */ = {isa = PBXFileReference; lastKnownFileType = sourcecode.c.objc; path = Handler.m; sourceTree = "<group>"; };
		B57423012A517578001247ED /* ConcreteHandlerA.h */ = {isa = PBXFileReference; lastKnownFileType = sourcecode.c.h; path = ConcreteHandlerA.h; sourceTree = "<group>"; };
		B57423022A517578001247ED /* ConcreteHandlerA.m */ = {isa = PBXFileReference; lastKnownFileType = sourcecode.c.objc; path = ConcreteHandlerA.m; sourceTree = "<group>"; };
		B57423042A5175C9001247ED /* ConcreteHandlerB.h */ = {isa = PBXFileReference; lastKnownFileType = sourcecode.c.h; path = ConcreteHandlerB.h; sourceTree = "<group>"; };
		B57423052A5175C9001247ED /* ConcreteHandlerB.m */ = {isa = PBXFileReference; lastKnownFileType = sourcecode.c.objc; path = ConcreteHandlerB.m; sourceTree = "<group>"; };
		B57423072A5175E1001247ED /* ConcreteHandlerC.h */ = {isa = PBXFileReference; lastKnownFileType = sourcecode.c.h; path = ConcreteHandlerC.h; sourceTree = "<group>"; };
		B57423082A5175E1001247ED /* ConcreteHandlerC.m */ = {isa = PBXFileReference; lastKnownFileType = sourcecode.c.objc; path = ConcreteHandlerC.m; sourceTree = "<group>"; };
		B574230B2A517AAC001247ED /* RequestHandler.h */ = {isa = PBXFileReference; lastKnownFileType = sourcecode.c.h; path = RequestHandler.h; sourceTree = "<group>"; };
		B574230C2A517AAC001247ED /* RequestHandler.m */ = {isa = PBXFileReference; lastKnownFileType = sourcecode.c.objc; path = RequestHandler.m; sourceTree = "<group>"; };
		B574230E2A517B06001247ED /* RequestValidityHandler.h */ = {isa = PBXFileReference; lastKnownFileType = sourcecode.c.h; path = RequestValidityHandler.h; sourceTree = "<group>"; };
		B574230F2A517B06001247ED /* RequestValidityHandler.m */ = {isa = PBXFileReference; lastKnownFileType = sourcecode.c.objc; path = RequestValidityHandler.m; sourceTree = "<group>"; };
		B57423112A517B7D001247ED /* UserPermissionHandler.h */ = {isa = PBXFileReference; lastKnownFileType = sourcecode.c.h; path = UserPermissionHandler.h; sourceTree = "<group>"; };
		B57423122A517B7D001247ED /* UserPermissionHandler.m */ = {isa = PBXFileReference; lastKnownFileType = sourcecode.c.objc; path = UserPermissionHandler.m; sourceTree = "<group>"; };
		B57423142A517BDF001247ED /* RequestProcessingHandler.h */ = {isa = PBXFileReference; lastKnownFileType = sourcecode.c.h; path = RequestProcessingHandler.h; sourceTree = "<group>"; };
		B57423152A517BDF001247ED /* RequestProcessingHandler.m */ = {isa = PBXFileReference; lastKnownFileType = sourcecode.c.objc; path = RequestProcessingHandler.m; sourceTree = "<group>"; };
		B5D425002A51B4BC00F51E2F /* LoginViewController.h */ = {isa = PBXFileReference; lastKnownFileType = sourcecode.c.h; path = LoginViewController.h; sourceTree = "<group>"; };
		B5D425012A51B4BC00F51E2F /* LoginViewController.m */ = {isa = PBXFileReference; lastKnownFileType = sourcecode.c.objc; path = LoginViewController.m; sourceTree = "<group>"; };
		B5D425032A51B59D00F51E2F /* ProfileViewController.h */ = {isa = PBXFileReference; lastKnownFileType = sourcecode.c.h; path = ProfileViewController.h; sourceTree = "<group>"; };
		B5D425042A51B59D00F51E2F /* ProfileViewController.m */ = {isa = PBXFileReference; lastKnownFileType = sourcecode.c.objc; path = ProfileViewController.m; sourceTree = "<group>"; };
		B5D425072A52A70300F51E2F /* Strategy.h */ = {isa = PBXFileReference; lastKnownFileType = sourcecode.c.h; path = Strategy.h; sourceTree = "<group>"; };
		B5D425082A52A7E600F51E2F /* AdditionStrategy.h */ = {isa = PBXFileReference; lastKnownFileType = sourcecode.c.h; path = AdditionStrategy.h; sourceTree = "<group>"; };
		B5D425092A52A7E600F51E2F /* AdditionStrategy.m */ = {isa = PBXFileReference; lastKnownFileType = sourcecode.c.objc; path = AdditionStrategy.m; sourceTree = "<group>"; };
		B5D4250B2A52A83A00F51E2F /* SubtractionStrategy.h */ = {isa = PBXFileReference; lastKnownFileType = sourcecode.c.h; path = SubtractionStrategy.h; sourceTree = "<group>"; };
		B5D4250C2A52A83A00F51E2F /* SubtractionStrategy.m */ = {isa = PBXFileReference; lastKnownFileType = sourcecode.c.objc; path = SubtractionStrategy.m; sourceTree = "<group>"; };
		B5D4250E2A52A87100F51E2F /* MultiplicationStrategy.h */ = {isa = PBXFileReference; lastKnownFileType = sourcecode.c.h; path = MultiplicationStrategy.h; sourceTree = "<group>"; };
		B5D4250F2A52A87200F51E2F /* MultiplicationStrategy.m */ = {isa = PBXFileReference; lastKnownFileType = sourcecode.c.objc; path = MultiplicationStrategy.m; sourceTree = "<group>"; };
		B5D425112A52A8BF00F51E2F /* Calculator.h */ = {isa = PBXFileReference; lastKnownFileType = sourcecode.c.h; path = Calculator.h; sourceTree = "<group>"; };
		B5D425122A52A8BF00F51E2F /* Calculator.m */ = {isa = PBXFileReference; lastKnownFileType = sourcecode.c.objc; path = Calculator.m; sourceTree = "<group>"; };
		B5D425152A52BA0B00F51E2F /* AbstractClass.h */ = {isa = PBXFileReference; lastKnownFileType = sourcecode.c.h; path = AbstractClass.h; sourceTree = "<group>"; };
		B5D425162A52BA0B00F51E2F /* AbstractClass.m */ = {isa = PBXFileReference; lastKnownFileType = sourcecode.c.objc; path = AbstractClass.m; sourceTree = "<group>"; };
		B5D425182A52BA2E00F51E2F /* ConcreteClass1.h */ = {isa = PBXFileReference; lastKnownFileType = sourcecode.c.h; path = ConcreteClass1.h; sourceTree = "<group>"; };
		B5D425192A52BA2E00F51E2F /* ConcreteClass1.m */ = {isa = PBXFileReference; lastKnownFileType = sourcecode.c.objc; path = ConcreteClass1.m; sourceTree = "<group>"; };
		B5D4251B2A52BA6400F51E2F /* ConcreteClass2.h */ = {isa = PBXFileReference; lastKnownFileType = sourcecode.c.h; path = ConcreteClass2.h; sourceTree = "<group>"; };
		B5D4251C2A52BA6400F51E2F /* ConcreteClass2.m */ = {isa = PBXFileReference; lastKnownFileType = sourcecode.c.objc; path = ConcreteClass2.m; sourceTree = "<group>"; };
		B5D4251F2A53EBB900F51E2F /* Command.h */ = {isa = PBXFileReference; lastKnownFileType = sourcecode.c.h; path = Command.h; sourceTree = "<group>"; };
		B5D425202A53EBEA00F51E2F /* ConcreteCommand.h */ = {isa = PBXFileReference; lastKnownFileType = sourcecode.c.h; path = ConcreteCommand.h; sourceTree = "<group>"; };
		B5D425212A53EBEA00F51E2F /* ConcreteCommand.m */ = {isa = PBXFileReference; lastKnownFileType = sourcecode.c.objc; path = ConcreteCommand.m; sourceTree = "<group>"; };
		B5D425232A53EC0E00F51E2F /* Receiver.h */ = {isa = PBXFileReference; lastKnownFileType = sourcecode.c.h; path = Receiver.h; sourceTree = "<group>"; };
		B5D425242A53EC0E00F51E2F /* Receiver.m */ = {isa = PBXFileReference; lastKnownFileType = sourcecode.c.objc; path = Receiver.m; sourceTree = "<group>"; };
		B5D425262A53ECCF00F51E2F /* Invoker.h */ = {isa = PBXFileReference; lastKnownFileType = sourcecode.c.h; path = Invoker.h; sourceTree = "<group>"; };
		B5D425272A53ECCF00F51E2F /* Invoker.m */ = {isa = PBXFileReference; lastKnownFileType = sourcecode.c.objc; path = Invoker.m; sourceTree = "<group>"; };
		B5D4252B2A53F44D00F51E2F /* AsyncTaskCommand.h */ = {isa = PBXFileReference; lastKnownFileType = sourcecode.c.h; path = AsyncTaskCommand.h; sourceTree = "<group>"; };
		B5D4252C2A53F44D00F51E2F /* AsyncTaskCommand.m */ = {isa = PBXFileReference; lastKnownFileType = sourcecode.c.objc; path = AsyncTaskCommand.m; sourceTree = "<group>"; };
		B5D4252E2A53F5B900F51E2F /* AsyncTaskQueue.h */ = {isa = PBXFileReference; lastKnownFileType = sourcecode.c.h; path = AsyncTaskQueue.h; sourceTree = "<group>"; };
		B5D4252F2A53F5B900F51E2F /* AsyncTaskQueue.m */ = {isa = PBXFileReference; lastKnownFileType = sourcecode.c.objc; path = AsyncTaskQueue.m; sourceTree = "<group>"; };
		B5D425322A54206C00F51E2F /* Expression.h */ = {isa = PBXFileReference; lastKnownFileType = sourcecode.c.h; path = Expression.h; sourceTree = "<group>"; };
		B5D425332A54209D00F51E2F /* NumberExpression.h */ = {isa = PBXFileReference; lastKnownFileType = sourcecode.c.h; path = NumberExpression.h; sourceTree = "<group>"; };
		B5D425342A54209D00F51E2F /* NumberExpression.m */ = {isa = PBXFileReference; lastKnownFileType = sourcecode.c.objc; path = NumberExpression.m; sourceTree = "<group>"; };
		B5D425362A542A7200F51E2F /* AdditionExpression.h */ = {isa = PBXFileReference; lastKnownFileType = sourcecode.c.h; path = AdditionExpression.h; sourceTree = "<group>"; };
		B5D425372A542A7200F51E2F /* AdditionExpression.m */ = {isa = PBXFileReference; lastKnownFileType = sourcecode.c.objc; path = AdditionExpression.m; sourceTree = "<group>"; };
		B5D425392A542AD800F51E2F /* SubtractionExpression.h */ = {isa = PBXFileReference; lastKnownFileType = sourcecode.c.h; path = SubtractionExpression.h; sourceTree = "<group>"; };
		B5D4253A2A542AD800F51E2F /* SubtractionExpression.m */ = {isa = PBXFileReference; lastKnownFileType = sourcecode.c.objc; path = SubtractionExpression.m; sourceTree = "<group>"; };
		B5D4253C2A542B1900F51E2F /* Context.h */ = {isa = PBXFileReference; lastKnownFileType = sourcecode.c.h; path = Context.h; sourceTree = "<group>"; };
		B5D4253D2A542B1900F51E2F /* Context.m */ = {isa = PBXFileReference; lastKnownFileType = sourcecode.c.objc; path = Context.m; sourceTree = "<group>"; };
		B5D425402A54390A00F51E2F /* Iterator.h */ = {isa = PBXFileReference; lastKnownFileType = sourcecode.c.h; path = Iterator.h; sourceTree = "<group>"; };
		B5D425422A54394000F51E2F /* Aggregate.h */ = {isa = PBXFileReference; lastKnownFileType = sourcecode.c.h; path = Aggregate.h; sourceTree = "<group>"; };
		B5D425432A54397B00F51E2F /* ConcreteIterator.h */ = {isa = PBXFileReference; lastKnownFileType = sourcecode.c.h; path = ConcreteIterator.h; sourceTree = "<group>"; };
		B5D425442A54397B00F51E2F /* ConcreteIterator.m */ = {isa = PBXFileReference; lastKnownFileType = sourcecode.c.objc; path = ConcreteIterator.m; sourceTree = "<group>"; };
		B5D425462A543A8B00F51E2F /* ConcreteAggregate.h */ = {isa = PBXFileReference; lastKnownFileType = sourcecode.c.h; path = ConcreteAggregate.h; sourceTree = "<group>"; };
		B5D425472A543A8B00F51E2F /* ConcreteAggregate.m */ = {isa = PBXFileReference; lastKnownFileType = sourcecode.c.objc; path = ConcreteAggregate.m; sourceTree = "<group>"; };
		B5D4254A2A54670800F51E2F /* Mediator.h */ = {isa = PBXFileReference; lastKnownFileType = sourcecode.c.h; path = Mediator.h; sourceTree = "<group>"; };
		B5D4254B2A54676E00F51E2F /* ConcreteMediator.h */ = {isa = PBXFileReference; lastKnownFileType = sourcecode.c.h; path = ConcreteMediator.h; sourceTree = "<group>"; };
		B5D4254C2A54676E00F51E2F /* ConcreteMediator.m */ = {isa = PBXFileReference; lastKnownFileType = sourcecode.c.objc; path = ConcreteMediator.m; sourceTree = "<group>"; };
		B5D4254E2A5467B600F51E2F /* Colleague.h */ = {isa = PBXFileReference; lastKnownFileType = sourcecode.c.h; path = Colleague.h; sourceTree = "<group>"; };
		B5D4254F2A5467B600F51E2F /* Colleague.m */ = {isa = PBXFileReference; lastKnownFileType = sourcecode.c.objc; path = Colleague.m; sourceTree = "<group>"; };
		B5D425512A54682500F51E2F /* Colleague1.h */ = {isa = PBXFileReference; lastKnownFileType = sourcecode.c.h; path = Colleague1.h; sourceTree = "<group>"; };
		B5D425522A54682500F51E2F /* Colleague1.m */ = {isa = PBXFileReference; lastKnownFileType = sourcecode.c.objc; path = Colleague1.m; sourceTree = "<group>"; };
		B5D425542A54682A00F51E2F /* Colleague2.h */ = {isa = PBXFileReference; lastKnownFileType = sourcecode.c.h; path = Colleague2.h; sourceTree = "<group>"; };
		B5D425552A54682A00F51E2F /* Colleague2.m */ = {isa = PBXFileReference; lastKnownFileType = sourcecode.c.objc; path = Colleague2.m; sourceTree = "<group>"; };
		B5D425582A54707B00F51E2F /* Memento.h */ = {isa = PBXFileReference; lastKnownFileType = sourcecode.c.h; path = Memento.h; sourceTree = "<group>"; };
		B5D425592A54707B00F51E2F /* Memento.m */ = {isa = PBXFileReference; lastKnownFileType = sourcecode.c.objc; path = Memento.m; sourceTree = "<group>"; };
		B5D4255B2A54709C00F51E2F /* Originator.h */ = {isa = PBXFileReference; lastKnownFileType = sourcecode.c.h; path = Originator.h; sourceTree = "<group>"; };
		B5D4255C2A54709C00F51E2F /* Originator.m */ = {isa = PBXFileReference; lastKnownFileType = sourcecode.c.objc; path = Originator.m; sourceTree = "<group>"; };
		B5D4255E2A54711A00F51E2F /* Caretaker.h */ = {isa = PBXFileReference; lastKnownFileType = sourcecode.c.h; path = Caretaker.h; sourceTree = "<group>"; };
		B5D4255F2A54711A00F51E2F /* Caretaker.m */ = {isa = PBXFileReference; lastKnownFileType = sourcecode.c.objc; path = Caretaker.m; sourceTree = "<group>"; };
/* End PBXFileReference section */

/* Begin PBXFrameworksBuildPhase section */
		B57422DD2A51746F001247ED /* Frameworks */ = {
			isa = PBXFrameworksBuildPhase;
			buildActionMask = 2147483647;
			files = (
			);
			runOnlyForDeploymentPostprocessing = 0;
		};
/* End PBXFrameworksBuildPhase section */

/* Begin PBXGroup section */
		B57422D72A51746F001247ED = {
			isa = PBXGroup;
			children = (
				B57422E22A51746F001247ED /* Behavioral Patterns */,
				B57422E12A51746F001247ED /* Products */,
			);
			sourceTree = "<group>";
		};
		B57422E12A51746F001247ED /* Products */ = {
			isa = PBXGroup;
			children = (
				B57422E02A51746F001247ED /* Behavioral Patterns.app */,
			);
			name = Products;
			sourceTree = "<group>";
		};
		B57422E22A51746F001247ED /* Behavioral Patterns */ = {
			isa = PBXGroup;
			children = (
				B57422E32A51746F001247ED /* AppDelegate.h */,
				B57422E42A51746F001247ED /* AppDelegate.m */,
				B57422E62A51746F001247ED /* SceneDelegate.h */,
				B57422E72A51746F001247ED /* SceneDelegate.m */,
				B57422E92A51746F001247ED /* ViewController.h */,
				B57422EA2A51746F001247ED /* ViewController.m */,
				B57422FC2A5174A5001247ED /* Chain of Responsibility Pattern */,
				B5D424FF2A51B47D00F51E2F /* Observer Pattern */,
				B5D425062A52A6C800F51E2F /* Strategy Pattern */,
				B5D425142A52B9EC00F51E2F /* Template Method Pattern */,
				B5D4251E2A53EBA700F51E2F /* Command Pattern */,
				B5D425312A54204A00F51E2F /* Interpreter Pattern */,
				B5D4253F2A5438EF00F51E2F /* Iterator Pattern */,
				B5D425492A5466F800F51E2F /* Mediator Pattern */,
				B5D425572A54706E00F51E2F /* Memento Pattern */,
				B57422EC2A51746F001247ED /* Main.storyboard */,
				B57422EF2A517470001247ED /* Assets.xcassets */,
				B57422F12A517470001247ED /* LaunchScreen.storyboard */,
				B57422F42A517470001247ED /* Info.plist */,
				B57422F52A517470001247ED /* main.m */,
			);
			path = "Behavioral Patterns";
			sourceTree = "<group>";
		};
		B57422FC2A5174A5001247ED /* Chain of Responsibility Pattern */ = {
			isa = PBXGroup;
			children = (
				B57422FD2A5174B8001247ED /* base */,
				B574230A2A517A85001247ED /* RequestValidity */,
			);
			path = "Chain of Responsibility Pattern";
			sourceTree = "<group>";
		};
		B57422FD2A5174B8001247ED /* base */ = {
			isa = PBXGroup;
			children = (
				B57422FE2A5174CF001247ED /* Handler.h */,
				B57422FF2A5174CF001247ED /* Handler.m */,
				B57423012A517578001247ED /* ConcreteHandlerA.h */,
				B57423022A517578001247ED /* ConcreteHandlerA.m */,
				B57423042A5175C9001247ED /* ConcreteHandlerB.h */,
				B57423052A5175C9001247ED /* ConcreteHandlerB.m */,
				B57423072A5175E1001247ED /* ConcreteHandlerC.h */,
				B57423082A5175E1001247ED /* ConcreteHandlerC.m */,
			);
			path = base;
			sourceTree = "<group>";
		};
		B574230A2A517A85001247ED /* RequestValidity */ = {
			isa = PBXGroup;
			children = (
				B574230B2A517AAC001247ED /* RequestHandler.h */,
				B574230C2A517AAC001247ED /* RequestHandler.m */,
				B574230E2A517B06001247ED /* RequestValidityHandler.h */,
				B574230F2A517B06001247ED /* RequestValidityHandler.m */,
				B57423112A517B7D001247ED /* UserPermissionHandler.h */,
				B57423122A517B7D001247ED /* UserPermissionHandler.m */,
				B57423142A517BDF001247ED /* RequestProcessingHandler.h */,
				B57423152A517BDF001247ED /* RequestProcessingHandler.m */,
			);
			path = RequestValidity;
			sourceTree = "<group>";
		};
		B5D424FF2A51B47D00F51E2F /* Observer Pattern */ = {
			isa = PBXGroup;
			children = (
				B5D425002A51B4BC00F51E2F /* LoginViewController.h */,
				B5D425012A51B4BC00F51E2F /* LoginViewController.m */,
				B5D425032A51B59D00F51E2F /* ProfileViewController.h */,
				B5D425042A51B59D00F51E2F /* ProfileViewController.m */,
			);
			path = "Observer Pattern";
			sourceTree = "<group>";
		};
		B5D425062A52A6C800F51E2F /* Strategy Pattern */ = {
			isa = PBXGroup;
			children = (
				B5D425072A52A70300F51E2F /* Strategy.h */,
				B5D425082A52A7E600F51E2F /* AdditionStrategy.h */,
				B5D425092A52A7E600F51E2F /* AdditionStrategy.m */,
				B5D4250B2A52A83A00F51E2F /* SubtractionStrategy.h */,
				B5D4250C2A52A83A00F51E2F /* SubtractionStrategy.m */,
				B5D4250E2A52A87100F51E2F /* MultiplicationStrategy.h */,
				B5D4250F2A52A87200F51E2F /* MultiplicationStrategy.m */,
				B5D425112A52A8BF00F51E2F /* Calculator.h */,
				B5D425122A52A8BF00F51E2F /* Calculator.m */,
			);
			path = "Strategy Pattern";
			sourceTree = "<group>";
		};
		B5D425142A52B9EC00F51E2F /* Template Method Pattern */ = {
			isa = PBXGroup;
			children = (
				B5D425152A52BA0B00F51E2F /* AbstractClass.h */,
				B5D425162A52BA0B00F51E2F /* AbstractClass.m */,
				B5D425182A52BA2E00F51E2F /* ConcreteClass1.h */,
				B5D425192A52BA2E00F51E2F /* ConcreteClass1.m */,
				B5D4251B2A52BA6400F51E2F /* ConcreteClass2.h */,
				B5D4251C2A52BA6400F51E2F /* ConcreteClass2.m */,
			);
			path = "Template Method Pattern";
			sourceTree = "<group>";
		};
		B5D4251E2A53EBA700F51E2F /* Command Pattern */ = {
			isa = PBXGroup;
			children = (
				B5D4251F2A53EBB900F51E2F /* Command.h */,
				B5D425292A53F40E00F51E2F /* easy */,
				B5D4252A2A53F42000F51E2F /* AsyncTask */,
			);
			path = "Command Pattern";
			sourceTree = "<group>";
		};
		B5D425292A53F40E00F51E2F /* easy */ = {
			isa = PBXGroup;
			children = (
				B5D425232A53EC0E00F51E2F /* Receiver.h */,
				B5D425242A53EC0E00F51E2F /* Receiver.m */,
				B5D425202A53EBEA00F51E2F /* ConcreteCommand.h */,
				B5D425212A53EBEA00F51E2F /* ConcreteCommand.m */,
				B5D425262A53ECCF00F51E2F /* Invoker.h */,
				B5D425272A53ECCF00F51E2F /* Invoker.m */,
			);
			path = easy;
			sourceTree = "<group>";
		};
		B5D4252A2A53F42000F51E2F /* AsyncTask */ = {
			isa = PBXGroup;
			children = (
				B5D4252B2A53F44D00F51E2F /* AsyncTaskCommand.h */,
				B5D4252C2A53F44D00F51E2F /* AsyncTaskCommand.m */,
				B5D4252E2A53F5B900F51E2F /* AsyncTaskQueue.h */,
				B5D4252F2A53F5B900F51E2F /* AsyncTaskQueue.m */,
			);
			path = AsyncTask;
			sourceTree = "<group>";
		};
		B5D425312A54204A00F51E2F /* Interpreter Pattern */ = {
			isa = PBXGroup;
			children = (
				B5D425322A54206C00F51E2F /* Expression.h */,
				B5D425332A54209D00F51E2F /* NumberExpression.h */,
				B5D425342A54209D00F51E2F /* NumberExpression.m */,
				B5D425362A542A7200F51E2F /* AdditionExpression.h */,
				B5D425372A542A7200F51E2F /* AdditionExpression.m */,
				B5D425392A542AD800F51E2F /* SubtractionExpression.h */,
				B5D4253A2A542AD800F51E2F /* SubtractionExpression.m */,
				B5D4253C2A542B1900F51E2F /* Context.h */,
				B5D4253D2A542B1900F51E2F /* Context.m */,
			);
			path = "Interpreter Pattern";
			sourceTree = "<group>";
		};
		B5D4253F2A5438EF00F51E2F /* Iterator Pattern */ = {
			isa = PBXGroup;
			children = (
				B5D425402A54390A00F51E2F /* Iterator.h */,
				B5D425422A54394000F51E2F /* Aggregate.h */,
				B5D425432A54397B00F51E2F /* ConcreteIterator.h */,
				B5D425442A54397B00F51E2F /* ConcreteIterator.m */,
				B5D425462A543A8B00F51E2F /* ConcreteAggregate.h */,
				B5D425472A543A8B00F51E2F /* ConcreteAggregate.m */,
			);
			path = "Iterator Pattern";
			sourceTree = "<group>";
		};
		B5D425492A5466F800F51E2F /* Mediator Pattern */ = {
			isa = PBXGroup;
			children = (
				B5D4254A2A54670800F51E2F /* Mediator.h */,
				B5D4254E2A5467B600F51E2F /* Colleague.h */,
				B5D4254F2A5467B600F51E2F /* Colleague.m */,
				B5D425512A54682500F51E2F /* Colleague1.h */,
				B5D425522A54682500F51E2F /* Colleague1.m */,
				B5D425542A54682A00F51E2F /* Colleague2.h */,
				B5D425552A54682A00F51E2F /* Colleague2.m */,
				B5D4254B2A54676E00F51E2F /* ConcreteMediator.h */,
				B5D4254C2A54676E00F51E2F /* ConcreteMediator.m */,
			);
			path = "Mediator Pattern";
			sourceTree = "<group>";
		};
		B5D425572A54706E00F51E2F /* Memento Pattern */ = {
			isa = PBXGroup;
			children = (
				B5D425582A54707B00F51E2F /* Memento.h */,
				B5D425592A54707B00F51E2F /* Memento.m */,
				B5D4255B2A54709C00F51E2F /* Originator.h */,
				B5D4255C2A54709C00F51E2F /* Originator.m */,
				B5D4255E2A54711A00F51E2F /* Caretaker.h */,
				B5D4255F2A54711A00F51E2F /* Caretaker.m */,
			);
			path = "Memento Pattern";
			sourceTree = "<group>";
		};
/* End PBXGroup section */

/* Begin PBXNativeTarget section */
		B57422DF2A51746F001247ED /* Behavioral Patterns */ = {
			isa = PBXNativeTarget;
			buildConfigurationList = B57422F92A517470001247ED /* Build configuration list for PBXNativeTarget "Behavioral Patterns" */;
			buildPhases = (
				B57422DC2A51746F001247ED /* Sources */,
				B57422DD2A51746F001247ED /* Frameworks */,
				B57422DE2A51746F001247ED /* Resources */,
			);
			buildRules = (
			);
			dependencies = (
			);
			name = "Behavioral Patterns";
			productName = "Behavioral Patterns";
			productReference = B57422E02A51746F001247ED /* Behavioral Patterns.app */;
			productType = "com.apple.product-type.application";
		};
/* End PBXNativeTarget section */

/* Begin PBXProject section */
		B57422D82A51746F001247ED /* Project object */ = {
			isa = PBXProject;
			attributes = {
				BuildIndependentTargetsInParallel = 1;
				LastUpgradeCheck = 1400;
				TargetAttributes = {
					B57422DF2A51746F001247ED = {
						CreatedOnToolsVersion = 14.0.1;
					};
				};
			};
			buildConfigurationList = B57422DB2A51746F001247ED /* Build configuration list for PBXProject "Behavioral Patterns" */;
			compatibilityVersion = "Xcode 14.0";
			developmentRegion = en;
			hasScannedForEncodings = 0;
			knownRegions = (
				en,
				Base,
			);
			mainGroup = B57422D72A51746F001247ED;
			productRefGroup = B57422E12A51746F001247ED /* Products */;
			projectDirPath = "";
			projectRoot = "";
			targets = (
				B57422DF2A51746F001247ED /* Behavioral Patterns */,
			);
		};
/* End PBXProject section */

/* Begin PBXResourcesBuildPhase section */
		B57422DE2A51746F001247ED /* Resources */ = {
			isa = PBXResourcesBuildPhase;
			buildActionMask = 2147483647;
			files = (
				B57422F32A517470001247ED /* LaunchScreen.storyboard in Resources */,
				B57422F02A517470001247ED /* Assets.xcassets in Resources */,
				B57422EE2A51746F001247ED /* Main.storyboard in Resources */,
			);
			runOnlyForDeploymentPostprocessing = 0;
		};
/* End PBXResourcesBuildPhase section */

/* Begin PBXSourcesBuildPhase section */
		B57422DC2A51746F001247ED /* Sources */ = {
			isa = PBXSourcesBuildPhase;
			buildActionMask = 2147483647;
			files = (
				B5D425352A54209D00F51E2F /* NumberExpression.m in Sources */,
				B57422EB2A51746F001247ED /* ViewController.m in Sources */,
				B5D4250D2A52A83A00F51E2F /* SubtractionStrategy.m in Sources */,
				B57423162A517BDF001247ED /* RequestProcessingHandler.m in Sources */,
				B5D4252D2A53F44D00F51E2F /* AsyncTaskCommand.m in Sources */,
				B5D425172A52BA0B00F51E2F /* AbstractClass.m in Sources */,
				B5D425222A53EBEA00F51E2F /* ConcreteCommand.m in Sources */,
				B5D425102A52A87200F51E2F /* MultiplicationStrategy.m in Sources */,
				B5D425482A543A8B00F51E2F /* ConcreteAggregate.m in Sources */,
				B5D4251D2A52BA6400F51E2F /* ConcreteClass2.m in Sources */,
				B5D425022A51B4BC00F51E2F /* LoginViewController.m in Sources */,
				B5D425502A5467B600F51E2F /* Colleague.m in Sources */,
				B5D425302A53F5B900F51E2F /* AsyncTaskQueue.m in Sources */,
				B57423092A5175E1001247ED /* ConcreteHandlerC.m in Sources */,
				B5D4253B2A542AD800F51E2F /* SubtractionExpression.m in Sources */,
				B5D4253E2A542B1900F51E2F /* Context.m in Sources */,
				B5D425052A51B59D00F51E2F /* ProfileViewController.m in Sources */,
				B57423132A517B7D001247ED /* UserPermissionHandler.m in Sources */,
				B5D425532A54682500F51E2F /* Colleague1.m in Sources */,
				B5D4251A2A52BA2E00F51E2F /* ConcreteClass1.m in Sources */,
				B57423032A517578001247ED /* ConcreteHandlerA.m in Sources */,
				B5D425452A54397B00F51E2F /* ConcreteIterator.m in Sources */,
				B5D425562A54682A00F51E2F /* Colleague2.m in Sources */,
				B574230D2A517AAC001247ED /* RequestHandler.m in Sources */,
				B5D4250A2A52A7E600F51E2F /* AdditionStrategy.m in Sources */,
				B57423062A5175C9001247ED /* ConcreteHandlerB.m in Sources */,
				B5D4255A2A54707B00F51E2F /* Memento.m in Sources */,
				B5D4254D2A54676F00F51E2F /* ConcreteMediator.m in Sources */,
				B5D425382A542A7200F51E2F /* AdditionExpression.m in Sources */,
				B57422E52A51746F001247ED /* AppDelegate.m in Sources */,
				B57423102A517B06001247ED /* RequestValidityHandler.m in Sources */,
				B5D425282A53ECCF00F51E2F /* Invoker.m in Sources */,
				B5D425252A53EC0E00F51E2F /* Receiver.m in Sources */,
				B57422F62A517470001247ED /* main.m in Sources */,
				B5D425132A52A8BF00F51E2F /* Calculator.m in Sources */,
				B5D4255D2A54709C00F51E2F /* Originator.m in Sources */,
				B57422E82A51746F001247ED /* SceneDelegate.m in Sources */,
				B57423002A5174CF001247ED /* Handler.m in Sources */,
				B5D425602A54711A00F51E2F /* Caretaker.m in Sources */,
			);
			runOnlyForDeploymentPostprocessing = 0;
		};
/* End PBXSourcesBuildPhase section */

/* Begin PBXVariantGroup section */
		B57422EC2A51746F001247ED /* Main.storyboard */ = {
			isa = PBXVariantGroup;
			children = (
				B57422ED2A51746F001247ED /* Base */,
			);
			name = Main.storyboard;
			sourceTree = "<group>";
		};
		B57422F12A517470001247ED /* LaunchScreen.storyboard */ = {
			isa = PBXVariantGroup;
			children = (
				B57422F22A517470001247ED /* Base */,
			);
			name = LaunchScreen.storyboard;
			sourceTree = "<group>";
		};
/* End PBXVariantGroup section */

/* Begin XCBuildConfiguration section */
		B57422F72A517470001247ED /* Debug */ = {
			isa = XCBuildConfiguration;
			buildSettings = {
				ALWAYS_SEARCH_USER_PATHS = NO;
				CLANG_ANALYZER_NONNULL = YES;
				CLANG_ANALYZER_NUMBER_OBJECT_CONVERSION = YES_AGGRESSIVE;
				CLANG_CXX_LANGUAGE_STANDARD = "gnu++20";
				CLANG_ENABLE_MODULES = YES;
				CLANG_ENABLE_OBJC_ARC = YES;
				CLANG_ENABLE_OBJC_WEAK = YES;
				CLANG_WARN_BLOCK_CAPTURE_AUTORELEASING = YES;
				CLANG_WARN_BOOL_CONVERSION = YES;
				CLANG_WARN_COMMA = YES;
				CLANG_WARN_CONSTANT_CONVERSION = YES;
				CLANG_WARN_DEPRECATED_OBJC_IMPLEMENTATIONS = YES;
				CLANG_WARN_DIRECT_OBJC_ISA_USAGE = YES_ERROR;
				CLANG_WARN_DOCUMENTATION_COMMENTS = YES;
				CLANG_WARN_EMPTY_BODY = YES;
				CLANG_WARN_ENUM_CONVERSION = YES;
				CLANG_WARN_INFINITE_RECURSION = YES;
				CLANG_WARN_INT_CONVERSION = YES;
				CLANG_WARN_NON_LITERAL_NULL_CONVERSION = YES;
				CLANG_WARN_OBJC_IMPLICIT_RETAIN_SELF = YES;
				CLANG_WARN_OBJC_LITERAL_CONVERSION = YES;
				CLANG_WARN_OBJC_ROOT_CLASS = YES_ERROR;
				CLANG_WARN_QUOTED_INCLUDE_IN_FRAMEWORK_HEADER = YES;
				CLANG_WARN_RANGE_LOOP_ANALYSIS = YES;
				CLANG_WARN_STRICT_PROTOTYPES = YES;
				CLANG_WARN_SUSPICIOUS_MOVE = YES;
				CLANG_WARN_UNGUARDED_AVAILABILITY = YES_AGGRESSIVE;
				CLANG_WARN_UNREACHABLE_CODE = YES;
				CLANG_WARN__DUPLICATE_METHOD_MATCH = YES;
				COPY_PHASE_STRIP = NO;
				DEBUG_INFORMATION_FORMAT = dwarf;
				ENABLE_STRICT_OBJC_MSGSEND = YES;
				ENABLE_TESTABILITY = YES;
				GCC_C_LANGUAGE_STANDARD = gnu11;
				GCC_DYNAMIC_NO_PIC = NO;
				GCC_NO_COMMON_BLOCKS = YES;
				GCC_OPTIMIZATION_LEVEL = 0;
				GCC_PREPROCESSOR_DEFINITIONS = (
					"DEBUG=1",
					"$(inherited)",
				);
				GCC_WARN_64_TO_32_BIT_CONVERSION = YES;
				GCC_WARN_ABOUT_RETURN_TYPE = YES_ERROR;
				GCC_WARN_UNDECLARED_SELECTOR = YES;
				GCC_WARN_UNINITIALIZED_AUTOS = YES_AGGRESSIVE;
				GCC_WARN_UNUSED_FUNCTION = YES;
				GCC_WARN_UNUSED_VARIABLE = YES;
				IPHONEOS_DEPLOYMENT_TARGET = 16.0;
				MTL_ENABLE_DEBUG_INFO = INCLUDE_SOURCE;
				MTL_FAST_MATH = YES;
				ONLY_ACTIVE_ARCH = YES;
				SDKROOT = iphoneos;
			};
			name = Debug;
		};
		B57422F82A517470001247ED /* Release */ = {
			isa = XCBuildConfiguration;
			buildSettings = {
				ALWAYS_SEARCH_USER_PATHS = NO;
				CLANG_ANALYZER_NONNULL = YES;
				CLANG_ANALYZER_NUMBER_OBJECT_CONVERSION = YES_AGGRESSIVE;
				CLANG_CXX_LANGUAGE_STANDARD = "gnu++20";
				CLANG_ENABLE_MODULES = YES;
				CLANG_ENABLE_OBJC_ARC = YES;
				CLANG_ENABLE_OBJC_WEAK = YES;
				CLANG_WARN_BLOCK_CAPTURE_AUTORELEASING = YES;
				CLANG_WARN_BOOL_CONVERSION = YES;
				CLANG_WARN_COMMA = YES;
				CLANG_WARN_CONSTANT_CONVERSION = YES;
				CLANG_WARN_DEPRECATED_OBJC_IMPLEMENTATIONS = YES;
				CLANG_WARN_DIRECT_OBJC_ISA_USAGE = YES_ERROR;
				CLANG_WARN_DOCUMENTATION_COMMENTS = YES;
				CLANG_WARN_EMPTY_BODY = YES;
				CLANG_WARN_ENUM_CONVERSION = YES;
				CLANG_WARN_INFINITE_RECURSION = YES;
				CLANG_WARN_INT_CONVERSION = YES;
				CLANG_WARN_NON_LITERAL_NULL_CONVERSION = YES;
				CLANG_WARN_OBJC_IMPLICIT_RETAIN_SELF = YES;
				CLANG_WARN_OBJC_LITERAL_CONVERSION = YES;
				CLANG_WARN_OBJC_ROOT_CLASS = YES_ERROR;
				CLANG_WARN_QUOTED_INCLUDE_IN_FRAMEWORK_HEADER = YES;
				CLANG_WARN_RANGE_LOOP_ANALYSIS = YES;
				CLANG_WARN_STRICT_PROTOTYPES = YES;
				CLANG_WARN_SUSPICIOUS_MOVE = YES;
				CLANG_WARN_UNGUARDED_AVAILABILITY = YES_AGGRESSIVE;
				CLANG_WARN_UNREACHABLE_CODE = YES;
				CLANG_WARN__DUPLICATE_METHOD_MATCH = YES;
				COPY_PHASE_STRIP = NO;
				DEBUG_INFORMATION_FORMAT = "dwarf-with-dsym";
				ENABLE_NS_ASSERTIONS = NO;
				ENABLE_STRICT_OBJC_MSGSEND = YES;
				GCC_C_LANGUAGE_STANDARD = gnu11;
				GCC_NO_COMMON_BLOCKS = YES;
				GCC_WARN_64_TO_32_BIT_CONVERSION = YES;
				GCC_WARN_ABOUT_RETURN_TYPE = YES_ERROR;
				GCC_WARN_UNDECLARED_SELECTOR = YES;
				GCC_WARN_UNINITIALIZED_AUTOS = YES_AGGRESSIVE;
				GCC_WARN_UNUSED_FUNCTION = YES;
				GCC_WARN_UNUSED_VARIABLE = YES;
				IPHONEOS_DEPLOYMENT_TARGET = 16.0;
				MTL_ENABLE_DEBUG_INFO = NO;
				MTL_FAST_MATH = YES;
				SDKROOT = iphoneos;
				VALIDATE_PRODUCT = YES;
			};
			name = Release;
		};
		B57422FA2A517470001247ED /* Debug */ = {
			isa = XCBuildConfiguration;
			buildSettings = {
				ASSETCATALOG_COMPILER_APPICON_NAME = AppIcon;
				ASSETCATALOG_COMPILER_GLOBAL_ACCENT_COLOR_NAME = AccentColor;
				CODE_SIGN_STYLE = Automatic;
				CURRENT_PROJECT_VERSION = 1;
				DEVELOPMENT_TEAM = W8HHV5LXJN;
				GENERATE_INFOPLIST_FILE = YES;
				INFOPLIST_FILE = "Behavioral Patterns/Info.plist";
				INFOPLIST_KEY_UIApplicationSupportsIndirectInputEvents = YES;
				INFOPLIST_KEY_UILaunchStoryboardName = LaunchScreen;
				INFOPLIST_KEY_UIMainStoryboardFile = Main;
				INFOPLIST_KEY_UISupportedInterfaceOrientations_iPad = "UIInterfaceOrientationPortrait UIInterfaceOrientationPortraitUpsideDown UIInterfaceOrientationLandscapeLeft UIInterfaceOrientationLandscapeRight";
				INFOPLIST_KEY_UISupportedInterfaceOrientations_iPhone = "UIInterfaceOrientationPortrait UIInterfaceOrientationLandscapeLeft UIInterfaceOrientationLandscapeRight";
				LD_RUNPATH_SEARCH_PATHS = (
					"$(inherited)",
					"@executable_path/Frameworks",
				);
				MARKETING_VERSION = 1.0;
				PRODUCT_BUNDLE_IDENTIFIER = "sungkaikai.Behavioral-Patterns";
				PRODUCT_NAME = "$(TARGET_NAME)";
				SWIFT_EMIT_LOC_STRINGS = YES;
				TARGETED_DEVICE_FAMILY = "1,2";
			};
			name = Debug;
		};
		B57422FB2A517470001247ED /* Release */ = {
			isa = XCBuildConfiguration;
			buildSettings = {
				ASSETCATALOG_COMPILER_APPICON_NAME = AppIcon;
				ASSETCATALOG_COMPILER_GLOBAL_ACCENT_COLOR_NAME = AccentColor;
				CODE_SIGN_STYLE = Automatic;
				CURRENT_PROJECT_VERSION = 1;
				DEVELOPMENT_TEAM = W8HHV5LXJN;
				GENERATE_INFOPLIST_FILE = YES;
				INFOPLIST_FILE = "Behavioral Patterns/Info.plist";
				INFOPLIST_KEY_UIApplicationSupportsIndirectInputEvents = YES;
				INFOPLIST_KEY_UILaunchStoryboardName = LaunchScreen;
				INFOPLIST_KEY_UIMainStoryboardFile = Main;
				INFOPLIST_KEY_UISupportedInterfaceOrientations_iPad = "UIInterfaceOrientationPortrait UIInterfaceOrientationPortraitUpsideDown UIInterfaceOrientationLandscapeLeft UIInterfaceOrientationLandscapeRight";
				INFOPLIST_KEY_UISupportedInterfaceOrientations_iPhone = "UIInterfaceOrientationPortrait UIInterfaceOrientationLandscapeLeft UIInterfaceOrientationLandscapeRight";
				LD_RUNPATH_SEARCH_PATHS = (
					"$(inherited)",
					"@executable_path/Frameworks",
				);
				MARKETING_VERSION = 1.0;
				PRODUCT_BUNDLE_IDENTIFIER = "sungkaikai.Behavioral-Patterns";
				PRODUCT_NAME = "$(TARGET_NAME)";
				SWIFT_EMIT_LOC_STRINGS = YES;
				TARGETED_DEVICE_FAMILY = "1,2";
			};
			name = Release;
		};
/* End XCBuildConfiguration section */

/* Begin XCConfigurationList section */
		B57422DB2A51746F001247ED /* Build configuration list for PBXProject "Behavioral Patterns" */ = {
			isa = XCConfigurationList;
			buildConfigurations = (
				B57422F72A517470001247ED /* Debug */,
				B57422F82A517470001247ED /* Release */,
			);
			defaultConfigurationIsVisible = 0;
			defaultConfigurationName = Release;
		};
		B57422F92A517470001247ED /* Build configuration list for PBXNativeTarget "Behavioral Patterns" */ = {
			isa = XCConfigurationList;
			buildConfigurations = (
				B57422FA2A517470001247ED /* Debug */,
				B57422FB2A517470001247ED /* Release */,
			);
			defaultConfigurationIsVisible = 0;
			defaultConfigurationName = Release;
		};
/* End XCConfigurationList section */
	};
	rootObject = B57422D82A51746F001247ED /* Project object */;
}
